// !$*UTF8*$!
{
	archiveVersion = 1;
	classes = {
	};
	objectVersion = 56;
	objects = {

/* Begin PBXBuildFile section */
		7B0790932BA487E900AE9BF0 /* CustomImageViewer.swift in Sources */ = {isa = PBXBuildFile; fileRef = 7B0790922BA487E900AE9BF0 /* CustomImageViewer.swift */; };
		7B11370F2B99A16F00D6BBD1 /* AppDelegate.swift in Sources */ = {isa = PBXBuildFile; fileRef = 7B11370E2B99A16F00D6BBD1 /* AppDelegate.swift */; };
		7B1137112B99A16F00D6BBD1 /* SceneDelegate.swift in Sources */ = {isa = PBXBuildFile; fileRef = 7B1137102B99A16F00D6BBD1 /* SceneDelegate.swift */; };
		7B1137182B99A17100D6BBD1 /* Assets.xcassets in Resources */ = {isa = PBXBuildFile; fileRef = 7B1137172B99A17100D6BBD1 /* Assets.xcassets */; };
		7B11371B2B99A17100D6BBD1 /* LaunchScreen.storyboard in Resources */ = {isa = PBXBuildFile; fileRef = 7B1137192B99A17100D6BBD1 /* LaunchScreen.storyboard */; };
		7B1137262B99A17100D6BBD1 /* MapbeDiaryTests.swift in Sources */ = {isa = PBXBuildFile; fileRef = 7B1137252B99A17100D6BBD1 /* MapbeDiaryTests.swift */; };
		7B1137302B99A17100D6BBD1 /* MapbeDiaryUITests.swift in Sources */ = {isa = PBXBuildFile; fileRef = 7B11372F2B99A17100D6BBD1 /* MapbeDiaryUITests.swift */; };
		7B1137322B99A17100D6BBD1 /* MapbeDiaryUITestsLaunchTests.swift in Sources */ = {isa = PBXBuildFile; fileRef = 7B1137312B99A17100D6BBD1 /* MapbeDiaryUITestsLaunchTests.swift */; };
		7B11373F2B99A21200D6BBD1 /* GoogleService-Info.plist in Resources */ = {isa = PBXBuildFile; fileRef = 7B11373E2B99A21200D6BBD1 /* GoogleService-Info.plist */; };
		7B1137412B99A23700D6BBD1 /* .gitignore in Resources */ = {isa = PBXBuildFile; fileRef = 7B1137402B99A23700D6BBD1 /* .gitignore */; };
		7B1137442B99A27700D6BBD1 /* Realm in Frameworks */ = {isa = PBXBuildFile; productRef = 7B1137432B99A27700D6BBD1 /* Realm */; };
		7B1137462B99A27700D6BBD1 /* RealmSwift in Frameworks */ = {isa = PBXBuildFile; productRef = 7B1137452B99A27700D6BBD1 /* RealmSwift */; };
		7B1137492B99A2E400D6BBD1 /* FirebaseAnalyticsWithoutAdIdSupport in Frameworks */ = {isa = PBXBuildFile; productRef = 7B1137482B99A2E400D6BBD1 /* FirebaseAnalyticsWithoutAdIdSupport */; };
		7B11374B2B99A2E400D6BBD1 /* FirebaseCrashlytics in Frameworks */ = {isa = PBXBuildFile; productRef = 7B11374A2B99A2E400D6BBD1 /* FirebaseCrashlytics */; };
		7B11374D2B99A2E400D6BBD1 /* FirebaseMessaging in Frameworks */ = {isa = PBXBuildFile; productRef = 7B11374C2B99A2E400D6BBD1 /* FirebaseMessaging */; };
		7B1137502B99A81300D6BBD1 /* APIKey.swift in Sources */ = {isa = PBXBuildFile; fileRef = 7B11374F2B99A81300D6BBD1 /* APIKey.swift */; };
		7B1137532B99A83F00D6BBD1 /* URLSessionManager.swift in Sources */ = {isa = PBXBuildFile; fileRef = 7B1137522B99A83F00D6BBD1 /* URLSessionManager.swift */; };
		7B1137562B99A89100D6BBD1 /* SnapKit in Frameworks */ = {isa = PBXBuildFile; productRef = 7B1137552B99A89100D6BBD1 /* SnapKit */; };
		7B1137592B99A8A900D6BBD1 /* FloatingPanel in Frameworks */ = {isa = PBXBuildFile; productRef = 7B1137582B99A8A900D6BBD1 /* FloatingPanel */; };
		7B11375C2B99A8C000D6BBD1 /* IQKeyboardManagerSwift in Frameworks */ = {isa = PBXBuildFile; productRef = 7B11375B2B99A8C000D6BBD1 /* IQKeyboardManagerSwift */; };
		7B11375F2B99A8E200D6BBD1 /* DGCharts in Frameworks */ = {isa = PBXBuildFile; productRef = 7B11375E2B99A8E200D6BBD1 /* DGCharts */; };
		7B1137652B99A92A00D6BBD1 /* KakaoModel.swift in Sources */ = {isa = PBXBuildFile; fileRef = 7B1137642B99A92A00D6BBD1 /* KakaoModel.swift */; };
		7B1137672B99A94800D6BBD1 /* KakaoAPIModel.swift in Sources */ = {isa = PBXBuildFile; fileRef = 7B1137662B99A94800D6BBD1 /* KakaoAPIModel.swift */; };
		7B11376A2B99A98000D6BBD1 /* Localizable.strings in Resources */ = {isa = PBXBuildFile; fileRef = 7B11376C2B99A98000D6BBD1 /* Localizable.strings */; };
		7B11376F2B99AA2100D6BBD1 /* Extention.swift in Sources */ = {isa = PBXBuildFile; fileRef = 7B11376E2B99AA2100D6BBD1 /* Extention.swift */; };
		7B1137712B99AB1400D6BBD1 /* RealmRepository.swift in Sources */ = {isa = PBXBuildFile; fileRef = 7B1137702B99AB1400D6BBD1 /* RealmRepository.swift */; };
		7B1137732B99AB2C00D6BBD1 /* RealmModel.swift in Sources */ = {isa = PBXBuildFile; fileRef = 7B1137722B99AB2C00D6BBD1 /* RealmModel.swift */; };
		7B1137792B99AD4200D6BBD1 /* Observable.swift in Sources */ = {isa = PBXBuildFile; fileRef = 7B1137782B99AD4200D6BBD1 /* Observable.swift */; };
		7B11377B2B99AD5900D6BBD1 /* BaseHomeViewController.swift in Sources */ = {isa = PBXBuildFile; fileRef = 7B11377A2B99AD5900D6BBD1 /* BaseHomeViewController.swift */; };
		7B11377D2B99AD6E00D6BBD1 /* BaseView.swift in Sources */ = {isa = PBXBuildFile; fileRef = 7B11377C2B99AD6E00D6BBD1 /* BaseView.swift */; };
		7B11377F2B99ADBF00D6BBD1 /* MapViewController.swift in Sources */ = {isa = PBXBuildFile; fileRef = 7B11377E2B99ADBF00D6BBD1 /* MapViewController.swift */; };
		7B1137812B99AE0F00D6BBD1 /* MapHomeView.swift in Sources */ = {isa = PBXBuildFile; fileRef = 7B1137802B99AE0F00D6BBD1 /* MapHomeView.swift */; };
		7B1137842B99B5A700D6BBD1 /* TabbarController.swift in Sources */ = {isa = PBXBuildFile; fileRef = 7B1137832B99B5A700D6BBD1 /* TabbarController.swift */; };
		7B11378A2B99C2F100D6BBD1 /* Toast in Frameworks */ = {isa = PBXBuildFile; productRef = 7B1137892B99C2F100D6BBD1 /* Toast */; };
		7B11378D2B99E96900D6BBD1 /* MapViewModel.swift in Sources */ = {isa = PBXBuildFile; fileRef = 7B11378C2B99E96900D6BBD1 /* MapViewModel.swift */; };
		7B1137902B99FDE900D6BBD1 /* CustomAnnotationView.swift in Sources */ = {isa = PBXBuildFile; fileRef = 7B11378F2B99FDE900D6BBD1 /* CustomAnnotationView.swift */; };
		7B1137922B99FF3E00D6BBD1 /* CustomAnnotation.swift in Sources */ = {isa = PBXBuildFile; fileRef = 7B1137912B99FF3E00D6BBD1 /* CustomAnnotation.swift */; };
		7B1137962B9B0AB800D6BBD1 /* FileManagers.swift in Sources */ = {isa = PBXBuildFile; fileRef = 7B1137952B9B0AB800D6BBD1 /* FileManagers.swift */; };
		7B1137982B9B394500D6BBD1 /* AddLocationMemoViewController.swift in Sources */ = {isa = PBXBuildFile; fileRef = 7B1137972B9B394500D6BBD1 /* AddLocationMemoViewController.swift */; };
		7B11379A2B9B3CB700D6BBD1 /* AddTitleDateImageView.swift in Sources */ = {isa = PBXBuildFile; fileRef = 7B1137992B9B3CB700D6BBD1 /* AddTitleDateImageView.swift */; };
		7B1C53362B9BFBAF00B712BC /* FloatingLocationLayout.swift in Sources */ = {isa = PBXBuildFile; fileRef = 7B1C53352B9BFBAF00B712BC /* FloatingLocationLayout.swift */; };
		7B1C53392B9C345F00B712BC /* CustomButton.swift in Sources */ = {isa = PBXBuildFile; fileRef = 7B1C53382B9C345F00B712BC /* CustomButton.swift */; };
		7B1C533B2B9C376E00B712BC /* ImageSection.swift in Sources */ = {isa = PBXBuildFile; fileRef = 7B1C533A2B9C376D00B712BC /* ImageSection.swift */; };
		7B1C533D2B9C406000B712BC /* ErrorSection.swift in Sources */ = {isa = PBXBuildFile; fileRef = 7B1C533C2B9C406000B712BC /* ErrorSection.swift */; };
		7B1C533F2B9C716E00B712BC /* DateFormetter.swift in Sources */ = {isa = PBXBuildFile; fileRef = 7B1C533E2B9C716E00B712BC /* DateFormetter.swift */; };
		7B2D77442BF27DEA00D51F49 /* WidgetKit.framework in Frameworks */ = {isa = PBXBuildFile; fileRef = 7B2D77432BF27DEA00D51F49 /* WidgetKit.framework */; };
		7B2D77462BF27DEA00D51F49 /* SwiftUI.framework in Frameworks */ = {isa = PBXBuildFile; fileRef = 7B2D77452BF27DEA00D51F49 /* SwiftUI.framework */; };
		7B2D77492BF27DEA00D51F49 /* SearchWidgetBundle.swift in Sources */ = {isa = PBXBuildFile; fileRef = 7B2D77482BF27DEA00D51F49 /* SearchWidgetBundle.swift */; };
		7B2D774B2BF27DEA00D51F49 /* SearchWidget.swift in Sources */ = {isa = PBXBuildFile; fileRef = 7B2D774A2BF27DEA00D51F49 /* SearchWidget.swift */; };
		7B2D774D2BF27DEC00D51F49 /* Assets.xcassets in Resources */ = {isa = PBXBuildFile; fileRef = 7B2D774C2BF27DEC00D51F49 /* Assets.xcassets */; };
		7B2D77512BF27DEC00D51F49 /* SearchWidgetExtension.appex in Embed Foundation Extensions */ = {isa = PBXBuildFile; fileRef = 7B2D77412BF27DEA00D51F49 /* SearchWidgetExtension.appex */; settings = {ATTRIBUTES = (RemoveHeadersOnCopy, ); }; };
		7B2D775D2BF360B200D51F49 /* TestView.swift in Sources */ = {isa = PBXBuildFile; fileRef = 7B2D775C2BF360B200D51F49 /* TestView.swift */; };
		7B2D77602BF3798600D51F49 /* Notification.swift in Sources */ = {isa = PBXBuildFile; fileRef = 7B2D775F2BF3798600D51F49 /* Notification.swift */; };
		7B30DD732BAC190800D789B5 /* SettingNavigationView.swift in Sources */ = {isa = PBXBuildFile; fileRef = 7B30DD722BAC190800D789B5 /* SettingNavigationView.swift */; };
		7B30DD752BAC359E00D789B5 /* WebHomeView.swift in Sources */ = {isa = PBXBuildFile; fileRef = 7B30DD742BAC359E00D789B5 /* WebHomeView.swift */; };
		7B30DD772BAC363700D789B5 /* SettingWebViewModel.swift in Sources */ = {isa = PBXBuildFile; fileRef = 7B30DD762BAC363700D789B5 /* SettingWebViewModel.swift */; };
		7B30DD792BAC3C8A00D789B5 /* SettingWebViewController.swift in Sources */ = {isa = PBXBuildFile; fileRef = 7B30DD782BAC3C8A00D789B5 /* SettingWebViewController.swift */; };
		7B30DD7B2BAC62DB00D789B5 /* SettingViewModel.swift in Sources */ = {isa = PBXBuildFile; fileRef = 7B30DD7A2BAC62DB00D789B5 /* SettingViewModel.swift */; };
		7B30DD7D2BAC670000D789B5 /* CustomIndicator.swift in Sources */ = {isa = PBXBuildFile; fileRef = 7B30DD7C2BAC670000D789B5 /* CustomIndicator.swift */; };
		7B4EBF842BA747CE00388507 /* CustomLocationButton.swift in Sources */ = {isa = PBXBuildFile; fileRef = 7B4EBF832BA747CE00388507 /* CustomLocationButton.swift */; };
		7B4F42882BB82AE90081369D /* MordernCollectionViewLayout.swift in Sources */ = {isa = PBXBuildFile; fileRef = 7B4F42872BB82AE90081369D /* MordernCollectionViewLayout.swift */; };
		7B4F428A2BB849350081369D /* CalenderMemoViewModel.swift in Sources */ = {isa = PBXBuildFile; fileRef = 7B4F42892BB849350081369D /* CalenderMemoViewModel.swift */; };
		7B4F428D2BB850800081369D /* CalendarCellViewModel.swift in Sources */ = {isa = PBXBuildFile; fileRef = 7B4F428C2BB850800081369D /* CalendarCellViewModel.swift */; };
		7B54A7D92BAB35C40039BC7F /* MapViewStackButtonView.swift in Sources */ = {isa = PBXBuildFile; fileRef = 7B54A7D82BAB35C40039BC7F /* MapViewStackButtonView.swift */; };
		7B54A7DB2BAB3C620039BC7F /* SettingHomeView.swift in Sources */ = {isa = PBXBuildFile; fileRef = 7B54A7DA2BAB3C620039BC7F /* SettingHomeView.swift */; };
		7B54A7DD2BAB3EE20039BC7F /* SettingViewController.swift in Sources */ = {isa = PBXBuildFile; fileRef = 7B54A7DC2BAB3EE20039BC7F /* SettingViewController.swift */; };
		7B54A7DF2BAB4C8C0039BC7F /* SeettingViewModel.swift in Sources */ = {isa = PBXBuildFile; fileRef = 7B54A7DE2BAB4C8C0039BC7F /* SeettingViewModel.swift */; };
		7B54A7E12BAB58490039BC7F /* SettingReusableView.swift in Sources */ = {isa = PBXBuildFile; fileRef = 7B54A7E02BAB58490039BC7F /* SettingReusableView.swift */; };
		7B6331802BA52EA600C1C1DE /* AboutLocationViewModel.swift in Sources */ = {isa = PBXBuildFile; fileRef = 7B63317F2BA52EA600C1C1DE /* AboutLocationViewModel.swift */; };
		7B6331822BA5307900C1C1DE /* LocationMemosViewModel.swift in Sources */ = {isa = PBXBuildFile; fileRef = 7B6331812BA5307900C1C1DE /* LocationMemosViewModel.swift */; };
		7B6C20122BA15CFC00EB7166 /* FirstMakeFolderBaseView.swift in Sources */ = {isa = PBXBuildFile; fileRef = 7B6C20112BA15CFC00EB7166 /* FirstMakeFolderBaseView.swift */; };
		7B6C201D2BA1766C00EB7166 /* FirstMakeFolderViewControlelr.swift in Sources */ = {isa = PBXBuildFile; fileRef = 7B6C201C2BA1766C00EB7166 /* FirstMakeFolderViewControlelr.swift */; };
		7B6C20202BA17A1C00EB7166 /* TextFieldEffects in Frameworks */ = {isa = PBXBuildFile; productRef = 7B6C201F2BA17A1C00EB7166 /* TextFieldEffects */; };
		7B7BE6492BAD6E6B0072F40F /* NetWorkServiceMonitor.swift in Sources */ = {isa = PBXBuildFile; fileRef = 7B7BE6482BAD6E6B0072F40F /* NetWorkServiceMonitor.swift */; };
		7B7BE64F2BAD96870072F40F /* ScrollImageView.swift in Sources */ = {isa = PBXBuildFile; fileRef = 7B7BE64E2BAD96870072F40F /* ScrollImageView.swift */; };
		7B7BE6512BAD99160072F40F /* OnboardBaseView.swift in Sources */ = {isa = PBXBuildFile; fileRef = 7B7BE6502BAD99160072F40F /* OnboardBaseView.swift */; };
		7B7BE6532BAD9A830072F40F /* OnboardViewController.swift in Sources */ = {isa = PBXBuildFile; fileRef = 7B7BE6522BAD9A830072F40F /* OnboardViewController.swift */; };
		7B80DA262BEBA132004D025A /* URLSessionManagerForConcurrency.swift in Sources */ = {isa = PBXBuildFile; fileRef = 7B80DA252BEBA132004D025A /* URLSessionManagerForConcurrency.swift */; };
		7BA373332B9D45F70016E851 /* PlaceHolderTextView.swift in Sources */ = {isa = PBXBuildFile; fileRef = 7BA373322B9D45F70016E851 /* PlaceHolderTextView.swift */; };
		7BA373352B9D86CC0016E851 /* SearchViewController.swift in Sources */ = {isa = PBXBuildFile; fileRef = 7BA373342B9D86CC0016E851 /* SearchViewController.swift */; };
		7BA373372B9D86FB0016E851 /* SearchBaseView.swift in Sources */ = {isa = PBXBuildFile; fileRef = 7BA373362B9D86FB0016E851 /* SearchBaseView.swift */; };
		7BA3733B2B9D88540016E851 /* SearchCollectionViewCell.swift in Sources */ = {isa = PBXBuildFile; fileRef = 7BA3733A2B9D88540016E851 /* SearchCollectionViewCell.swift */; };
		7BA3733D2B9D889E0016E851 /* BaseTableViewCell.swift in Sources */ = {isa = PBXBuildFile; fileRef = 7BA3733C2B9D889E0016E851 /* BaseTableViewCell.swift */; };
		7BA3733F2B9D9F2B0016E851 /* SearchViewModel.swift in Sources */ = {isa = PBXBuildFile; fileRef = 7BA3733E2B9D9F2B0016E851 /* SearchViewModel.swift */; };
		7BA373412B9DB20A0016E851 /* BaseCollectionViewCell.swift in Sources */ = {isa = PBXBuildFile; fileRef = 7BA373402B9DB20A0016E851 /* BaseCollectionViewCell.swift */; };
		7BA827362BB18E6E00227F63 /* Kingfisher in Frameworks */ = {isa = PBXBuildFile; productRef = 7BA827352BB18E6E00227F63 /* Kingfisher */; };
		7BA827382BB1951700227F63 /* ImageChach.swift in Sources */ = {isa = PBXBuildFile; fileRef = 7BA827372BB1951700227F63 /* ImageChach.swift */; };
		7BB250DC2BA1BDA900FDE898 /* MemoAboutBaseView.swift in Sources */ = {isa = PBXBuildFile; fileRef = 7BB250DB2BA1BDA900FDE898 /* MemoAboutBaseView.swift */; };
		7BB250DE2BA1C0D500FDE898 /* FontSection.swift in Sources */ = {isa = PBXBuildFile; fileRef = 7BB250DD2BA1C0D500FDE898 /* FontSection.swift */; };
		7BB250E02BA1C4D400FDE898 /* AboutLocationViewController.swift in Sources */ = {isa = PBXBuildFile; fileRef = 7BB250DF2BA1C4D400FDE898 /* AboutLocationViewController.swift */; };
		7BB250E32BA1C63300FDE898 /* MemosEmptyView.swift in Sources */ = {isa = PBXBuildFile; fileRef = 7BB250E22BA1C63300FDE898 /* MemosEmptyView.swift */; };
		7BB250E52BA1C74F00FDE898 /* LocationAboutMemosView.swift in Sources */ = {isa = PBXBuildFile; fileRef = 7BB250E42BA1C74F00FDE898 /* LocationAboutMemosView.swift */; };
		7BB250E72BA1E18C00FDE898 /* TextFiledTesterViewModel.swift in Sources */ = {isa = PBXBuildFile; fileRef = 7BB250E62BA1E18C00FDE898 /* TextFiledTesterViewModel.swift */; };
		7BB250E92BA1EB7E00FDE898 /* MemoSettingBaseView.swift in Sources */ = {isa = PBXBuildFile; fileRef = 7BB250E82BA1EB7E00FDE898 /* MemoSettingBaseView.swift */; };
		7BB250EC2BA1EBF200FDE898 /* MemoTextview.swift in Sources */ = {isa = PBXBuildFile; fileRef = 7BB250EB2BA1EBF200FDE898 /* MemoTextview.swift */; };
		7BB250EE2BA1EC5800FDE898 /* MemoTextViewModel.swift in Sources */ = {isa = PBXBuildFile; fileRef = 7BB250ED2BA1EC5800FDE898 /* MemoTextViewModel.swift */; };
		7BB250F52BA2072100FDE898 /* AboutMemoViewController.swift in Sources */ = {isa = PBXBuildFile; fileRef = 7BB250F42BA2072100FDE898 /* AboutMemoViewController.swift */; };
		7BB250FD2BA2F10F00FDE898 /* AboutMemoViewModel.swift in Sources */ = {isa = PBXBuildFile; fileRef = 7BB250FC2BA2F10F00FDE898 /* AboutMemoViewModel.swift */; };
		7BB251012BA31EBF00FDE898 /* CameraService.swift in Sources */ = {isa = PBXBuildFile; fileRef = 7BB251002BA31EBF00FDE898 /* CameraService.swift */; };
		7BB251032BA350BD00FDE898 /* OnlyImageCollectionViewCell.swift in Sources */ = {isa = PBXBuildFile; fileRef = 7BB251022BA350BD00FDE898 /* OnlyImageCollectionViewCell.swift */; };
		7BB8ECBC2B9DF73D00C88F17 /* SearchBaseImageView.swift in Sources */ = {isa = PBXBuildFile; fileRef = 7BB8ECBB2B9DF73D00C88F17 /* SearchBaseImageView.swift */; };
		7BB8ECC42B9F3AAC00C88F17 /* LacationMemosHomeBaseView.swift in Sources */ = {isa = PBXBuildFile; fileRef = 7BB8ECC32B9F3AAC00C88F17 /* LacationMemosHomeBaseView.swift */; };
		7BB8ECC62B9F43AD00C88F17 /* MemoSimpleCollectionViewCell.swift in Sources */ = {isa = PBXBuildFile; fileRef = 7BB8ECC52B9F43AD00C88F17 /* MemoSimpleCollectionViewCell.swift */; };
		7BB8ECC82B9F487900C88F17 /* AllLocactionListViewController.swift in Sources */ = {isa = PBXBuildFile; fileRef = 7BB8ECC72B9F487900C88F17 /* AllLocactionListViewController.swift */; };
		7BB8ECCA2B9F4D7300C88F17 /* AllMemoListViewModel.swift in Sources */ = {isa = PBXBuildFile; fileRef = 7BB8ECC92B9F4D7300C88F17 /* AllMemoListViewModel.swift */; };
		7BB8ECCC2B9F4E8700C88F17 /* SingleToneDataViewModel.swift in Sources */ = {isa = PBXBuildFile; fileRef = 7BB8ECCB2B9F4E8700C88F17 /* SingleToneDataViewModel.swift */; };
		7BCF4A8F2BCAD61C00BCE635 /* README.md in Resources */ = {isa = PBXBuildFile; fileRef = 7BCF4A8E2BCAD61C00BCE635 /* README.md */; };
		7BDEA5122B9B450C008C6922 /* TestViewController.swift in Sources */ = {isa = PBXBuildFile; fileRef = 7BDEA5112B9B450C008C6922 /* TestViewController.swift */; };
		7BDEA51C2B9B60F8008C6922 /* AddViewSection.swift in Sources */ = {isa = PBXBuildFile; fileRef = 7BDEA51B2B9B60F8008C6922 /* AddViewSection.swift */; };
		7BDEA51F2B9B63D6008C6922 /* CircleImage.swift in Sources */ = {isa = PBXBuildFile; fileRef = 7BDEA51E2B9B63D6008C6922 /* CircleImage.swift */; };
		7BDEA5242B9B73BF008C6922 /* AddBaseView.swift in Sources */ = {isa = PBXBuildFile; fileRef = 7BDEA5232B9B73BF008C6922 /* AddBaseView.swift */; };
		7BDEA5262B9BEE21008C6922 /* AddViewModel.swift in Sources */ = {isa = PBXBuildFile; fileRef = 7BDEA5252B9BEE21008C6922 /* AddViewModel.swift */; };
		7BECDA2B2B9C980E00033B18 /* ActionRouter.swift in Sources */ = {isa = PBXBuildFile; fileRef = 7BECDA2A2B9C980E00033B18 /* ActionRouter.swift */; };
		7BF0A7EC2BA5ABC100D40942 /* DatailTableViewCell.swift in Sources */ = {isa = PBXBuildFile; fileRef = 7BF0A7EB2BA5ABC100D40942 /* DatailTableViewCell.swift */; };
		7BF0A7F02BA6B8A800D40942 /* CenterFlowLayout.swift in Sources */ = {isa = PBXBuildFile; fileRef = 7BF0A7EF2BA6B8A800D40942 /* CenterFlowLayout.swift */; };
		7BF1A44E2BA359460086D5D8 /* MapTextSection.swift in Sources */ = {isa = PBXBuildFile; fileRef = 7BF1A44D2BA359460086D5D8 /* MapTextSection.swift */; };
		7BF2E7F92BB8067400E83EC1 /* CalenderMemoView.swift in Sources */ = {isa = PBXBuildFile; fileRef = 7BF2E7F82BB8067400E83EC1 /* CalenderMemoView.swift */; };
		7BF2E7FC2BB8070700E83EC1 /* FSCalendar in Frameworks */ = {isa = PBXBuildFile; productRef = 7BF2E7FB2BB8070700E83EC1 /* FSCalendar */; };
		7BF2E7FE2BB807FF00E83EC1 /* CalenderMemoViewController.swift in Sources */ = {isa = PBXBuildFile; fileRef = 7BF2E7FD2BB807FF00E83EC1 /* CalenderMemoViewController.swift */; };
		7BF2E8002BB81D0200E83EC1 /* CalendarCollectionViewCell.swift in Sources */ = {isa = PBXBuildFile; fileRef = 7BF2E7FF2BB81D0200E83EC1 /* CalendarCollectionViewCell.swift */; };
/* End PBXBuildFile section */

/* Begin PBXContainerItemProxy section */
		7B1137222B99A17100D6BBD1 /* PBXContainerItemProxy */ = {
			isa = PBXContainerItemProxy;
			containerPortal = 7B1137032B99A16F00D6BBD1 /* Project object */;
			proxyType = 1;
			remoteGlobalIDString = 7B11370A2B99A16F00D6BBD1;
			remoteInfo = MapbeDiary;
		};
		7B11372C2B99A17100D6BBD1 /* PBXContainerItemProxy */ = {
			isa = PBXContainerItemProxy;
			containerPortal = 7B1137032B99A16F00D6BBD1 /* Project object */;
			proxyType = 1;
			remoteGlobalIDString = 7B11370A2B99A16F00D6BBD1;
			remoteInfo = MapbeDiary;
		};
		7B2D774F2BF27DEC00D51F49 /* PBXContainerItemProxy */ = {
			isa = PBXContainerItemProxy;
			containerPortal = 7B1137032B99A16F00D6BBD1 /* Project object */;
			proxyType = 1;
			remoteGlobalIDString = 7B2D77402BF27DEA00D51F49;
			remoteInfo = SearchWidgetExtension;
		};
/* End PBXContainerItemProxy section */

/* Begin PBXCopyFilesBuildPhase section */
		7B2D77552BF27DEC00D51F49 /* Embed Foundation Extensions */ = {
			isa = PBXCopyFilesBuildPhase;
			buildActionMask = 2147483647;
			dstPath = "";
			dstSubfolderSpec = 13;
			files = (
				7B2D77512BF27DEC00D51F49 /* SearchWidgetExtension.appex in Embed Foundation Extensions */,
			);
			name = "Embed Foundation Extensions";
			runOnlyForDeploymentPostprocessing = 0;
		};
/* End PBXCopyFilesBuildPhase section */

/* Begin PBXFileReference section */
		7B0790922BA487E900AE9BF0 /* CustomImageViewer.swift */ = {isa = PBXFileReference; lastKnownFileType = sourcecode.swift; path = CustomImageViewer.swift; sourceTree = "<group>"; };
		7B11370B2B99A16F00D6BBD1 /* MapbeDiary.app */ = {isa = PBXFileReference; explicitFileType = wrapper.application; includeInIndex = 0; path = MapbeDiary.app; sourceTree = BUILT_PRODUCTS_DIR; };
		7B11370E2B99A16F00D6BBD1 /* AppDelegate.swift */ = {isa = PBXFileReference; lastKnownFileType = sourcecode.swift; path = AppDelegate.swift; sourceTree = "<group>"; };
		7B1137102B99A16F00D6BBD1 /* SceneDelegate.swift */ = {isa = PBXFileReference; lastKnownFileType = sourcecode.swift; path = SceneDelegate.swift; sourceTree = "<group>"; };
		7B1137172B99A17100D6BBD1 /* Assets.xcassets */ = {isa = PBXFileReference; lastKnownFileType = folder.assetcatalog; path = Assets.xcassets; sourceTree = "<group>"; };
		7B11371A2B99A17100D6BBD1 /* Base */ = {isa = PBXFileReference; lastKnownFileType = file.storyboard; name = Base; path = Base.lproj/LaunchScreen.storyboard; sourceTree = "<group>"; };
		7B11371C2B99A17100D6BBD1 /* Info.plist */ = {isa = PBXFileReference; lastKnownFileType = text.plist.xml; path = Info.plist; sourceTree = "<group>"; };
		7B1137212B99A17100D6BBD1 /* MapbeDiaryTests.xctest */ = {isa = PBXFileReference; explicitFileType = wrapper.cfbundle; includeInIndex = 0; path = MapbeDiaryTests.xctest; sourceTree = BUILT_PRODUCTS_DIR; };
		7B1137252B99A17100D6BBD1 /* MapbeDiaryTests.swift */ = {isa = PBXFileReference; lastKnownFileType = sourcecode.swift; path = MapbeDiaryTests.swift; sourceTree = "<group>"; };
		7B11372B2B99A17100D6BBD1 /* MapbeDiaryUITests.xctest */ = {isa = PBXFileReference; explicitFileType = wrapper.cfbundle; includeInIndex = 0; path = MapbeDiaryUITests.xctest; sourceTree = BUILT_PRODUCTS_DIR; };
		7B11372F2B99A17100D6BBD1 /* MapbeDiaryUITests.swift */ = {isa = PBXFileReference; lastKnownFileType = sourcecode.swift; path = MapbeDiaryUITests.swift; sourceTree = "<group>"; };
		7B1137312B99A17100D6BBD1 /* MapbeDiaryUITestsLaunchTests.swift */ = {isa = PBXFileReference; lastKnownFileType = sourcecode.swift; path = MapbeDiaryUITestsLaunchTests.swift; sourceTree = "<group>"; };
		7B11373E2B99A21200D6BBD1 /* GoogleService-Info.plist */ = {isa = PBXFileReference; fileEncoding = 4; lastKnownFileType = text.plist.xml; path = "GoogleService-Info.plist"; sourceTree = "<group>"; };
		7B1137402B99A23700D6BBD1 /* .gitignore */ = {isa = PBXFileReference; lastKnownFileType = text; path = .gitignore; sourceTree = "<group>"; };
		7B11374F2B99A81300D6BBD1 /* APIKey.swift */ = {isa = PBXFileReference; lastKnownFileType = sourcecode.swift; path = APIKey.swift; sourceTree = "<group>"; };
		7B1137522B99A83F00D6BBD1 /* URLSessionManager.swift */ = {isa = PBXFileReference; lastKnownFileType = sourcecode.swift; path = URLSessionManager.swift; sourceTree = "<group>"; };
		7B1137642B99A92A00D6BBD1 /* KakaoModel.swift */ = {isa = PBXFileReference; lastKnownFileType = sourcecode.swift; path = KakaoModel.swift; sourceTree = "<group>"; };
		7B1137662B99A94800D6BBD1 /* KakaoAPIModel.swift */ = {isa = PBXFileReference; lastKnownFileType = sourcecode.swift; path = KakaoAPIModel.swift; sourceTree = "<group>"; };
		7B11376B2B99A98000D6BBD1 /* en */ = {isa = PBXFileReference; lastKnownFileType = text.plist.strings; name = en; path = en.lproj/Localizable.strings; sourceTree = "<group>"; };
		7B11376D2B99A99F00D6BBD1 /* ko */ = {isa = PBXFileReference; lastKnownFileType = text.plist.strings; name = ko; path = ko.lproj/Localizable.strings; sourceTree = "<group>"; };
		7B11376E2B99AA2100D6BBD1 /* Extention.swift */ = {isa = PBXFileReference; lastKnownFileType = sourcecode.swift; path = Extention.swift; sourceTree = "<group>"; };
		7B1137702B99AB1400D6BBD1 /* RealmRepository.swift */ = {isa = PBXFileReference; lastKnownFileType = sourcecode.swift; path = RealmRepository.swift; sourceTree = "<group>"; };
		7B1137722B99AB2C00D6BBD1 /* RealmModel.swift */ = {isa = PBXFileReference; lastKnownFileType = sourcecode.swift; path = RealmModel.swift; sourceTree = "<group>"; };
		7B1137782B99AD4200D6BBD1 /* Observable.swift */ = {isa = PBXFileReference; lastKnownFileType = sourcecode.swift; path = Observable.swift; sourceTree = "<group>"; };
		7B11377A2B99AD5900D6BBD1 /* BaseHomeViewController.swift */ = {isa = PBXFileReference; lastKnownFileType = sourcecode.swift; path = BaseHomeViewController.swift; sourceTree = "<group>"; };
		7B11377C2B99AD6E00D6BBD1 /* BaseView.swift */ = {isa = PBXFileReference; lastKnownFileType = sourcecode.swift; path = BaseView.swift; sourceTree = "<group>"; };
		7B11377E2B99ADBF00D6BBD1 /* MapViewController.swift */ = {isa = PBXFileReference; lastKnownFileType = sourcecode.swift; path = MapViewController.swift; sourceTree = "<group>"; };
		7B1137802B99AE0F00D6BBD1 /* MapHomeView.swift */ = {isa = PBXFileReference; lastKnownFileType = sourcecode.swift; path = MapHomeView.swift; sourceTree = "<group>"; };
		7B1137832B99B5A700D6BBD1 /* TabbarController.swift */ = {isa = PBXFileReference; lastKnownFileType = sourcecode.swift; path = TabbarController.swift; sourceTree = "<group>"; };
		7B11378C2B99E96900D6BBD1 /* MapViewModel.swift */ = {isa = PBXFileReference; lastKnownFileType = sourcecode.swift; path = MapViewModel.swift; sourceTree = "<group>"; };
		7B11378F2B99FDE900D6BBD1 /* CustomAnnotationView.swift */ = {isa = PBXFileReference; lastKnownFileType = sourcecode.swift; path = CustomAnnotationView.swift; sourceTree = "<group>"; };
		7B1137912B99FF3E00D6BBD1 /* CustomAnnotation.swift */ = {isa = PBXFileReference; lastKnownFileType = sourcecode.swift; path = CustomAnnotation.swift; sourceTree = "<group>"; };
		7B1137952B9B0AB800D6BBD1 /* FileManagers.swift */ = {isa = PBXFileReference; lastKnownFileType = sourcecode.swift; path = FileManagers.swift; sourceTree = "<group>"; };
		7B1137972B9B394500D6BBD1 /* AddLocationMemoViewController.swift */ = {isa = PBXFileReference; lastKnownFileType = sourcecode.swift; path = AddLocationMemoViewController.swift; sourceTree = "<group>"; };
		7B1137992B9B3CB700D6BBD1 /* AddTitleDateImageView.swift */ = {isa = PBXFileReference; lastKnownFileType = sourcecode.swift; name = AddTitleDateImageView.swift; path = ../AddTitleDateImageView.swift; sourceTree = "<group>"; };
		7B1C53352B9BFBAF00B712BC /* FloatingLocationLayout.swift */ = {isa = PBXFileReference; lastKnownFileType = sourcecode.swift; path = FloatingLocationLayout.swift; sourceTree = "<group>"; };
		7B1C53382B9C345F00B712BC /* CustomButton.swift */ = {isa = PBXFileReference; lastKnownFileType = sourcecode.swift; path = CustomButton.swift; sourceTree = "<group>"; };
		7B1C533A2B9C376D00B712BC /* ImageSection.swift */ = {isa = PBXFileReference; lastKnownFileType = sourcecode.swift; path = ImageSection.swift; sourceTree = "<group>"; };
		7B1C533C2B9C406000B712BC /* ErrorSection.swift */ = {isa = PBXFileReference; lastKnownFileType = sourcecode.swift; path = ErrorSection.swift; sourceTree = "<group>"; };
		7B1C533E2B9C716E00B712BC /* DateFormetter.swift */ = {isa = PBXFileReference; lastKnownFileType = sourcecode.swift; path = DateFormetter.swift; sourceTree = "<group>"; };
		7B2D77412BF27DEA00D51F49 /* SearchWidgetExtension.appex */ = {isa = PBXFileReference; explicitFileType = "wrapper.app-extension"; includeInIndex = 0; path = SearchWidgetExtension.appex; sourceTree = BUILT_PRODUCTS_DIR; };
		7B2D77432BF27DEA00D51F49 /* WidgetKit.framework */ = {isa = PBXFileReference; lastKnownFileType = wrapper.framework; name = WidgetKit.framework; path = System/Library/Frameworks/WidgetKit.framework; sourceTree = SDKROOT; };
		7B2D77452BF27DEA00D51F49 /* SwiftUI.framework */ = {isa = PBXFileReference; lastKnownFileType = wrapper.framework; name = SwiftUI.framework; path = System/Library/Frameworks/SwiftUI.framework; sourceTree = SDKROOT; };
		7B2D77482BF27DEA00D51F49 /* SearchWidgetBundle.swift */ = {isa = PBXFileReference; lastKnownFileType = sourcecode.swift; path = SearchWidgetBundle.swift; sourceTree = "<group>"; };
		7B2D774A2BF27DEA00D51F49 /* SearchWidget.swift */ = {isa = PBXFileReference; lastKnownFileType = sourcecode.swift; path = SearchWidget.swift; sourceTree = "<group>"; };
		7B2D774C2BF27DEC00D51F49 /* Assets.xcassets */ = {isa = PBXFileReference; lastKnownFileType = folder.assetcatalog; path = Assets.xcassets; sourceTree = "<group>"; };
		7B2D774E2BF27DEC00D51F49 /* Info.plist */ = {isa = PBXFileReference; lastKnownFileType = text.plist.xml; path = Info.plist; sourceTree = "<group>"; };
		7B2D775C2BF360B200D51F49 /* TestView.swift */ = {isa = PBXFileReference; lastKnownFileType = sourcecode.swift; path = TestView.swift; sourceTree = "<group>"; };
		7B2D775F2BF3798600D51F49 /* Notification.swift */ = {isa = PBXFileReference; lastKnownFileType = sourcecode.swift; path = Notification.swift; sourceTree = "<group>"; };
		7B30DD722BAC190800D789B5 /* SettingNavigationView.swift */ = {isa = PBXFileReference; lastKnownFileType = sourcecode.swift; path = SettingNavigationView.swift; sourceTree = "<group>"; };
		7B30DD742BAC359E00D789B5 /* WebHomeView.swift */ = {isa = PBXFileReference; lastKnownFileType = sourcecode.swift; path = WebHomeView.swift; sourceTree = "<group>"; };
		7B30DD762BAC363700D789B5 /* SettingWebViewModel.swift */ = {isa = PBXFileReference; lastKnownFileType = sourcecode.swift; path = SettingWebViewModel.swift; sourceTree = "<group>"; };
		7B30DD782BAC3C8A00D789B5 /* SettingWebViewController.swift */ = {isa = PBXFileReference; lastKnownFileType = sourcecode.swift; path = SettingWebViewController.swift; sourceTree = "<group>"; };
		7B30DD7A2BAC62DB00D789B5 /* SettingViewModel.swift */ = {isa = PBXFileReference; lastKnownFileType = sourcecode.swift; path = SettingViewModel.swift; sourceTree = "<group>"; };
		7B30DD7C2BAC670000D789B5 /* CustomIndicator.swift */ = {isa = PBXFileReference; lastKnownFileType = sourcecode.swift; path = CustomIndicator.swift; sourceTree = "<group>"; };
		7B4EBF832BA747CE00388507 /* CustomLocationButton.swift */ = {isa = PBXFileReference; lastKnownFileType = sourcecode.swift; path = CustomLocationButton.swift; sourceTree = "<group>"; };
		7B4F42872BB82AE90081369D /* MordernCollectionViewLayout.swift */ = {isa = PBXFileReference; lastKnownFileType = sourcecode.swift; path = MordernCollectionViewLayout.swift; sourceTree = "<group>"; };
		7B4F42892BB849350081369D /* CalenderMemoViewModel.swift */ = {isa = PBXFileReference; lastKnownFileType = sourcecode.swift; path = CalenderMemoViewModel.swift; sourceTree = "<group>"; };
		7B4F428C2BB850800081369D /* CalendarCellViewModel.swift */ = {isa = PBXFileReference; lastKnownFileType = sourcecode.swift; path = CalendarCellViewModel.swift; sourceTree = "<group>"; };
		7B54A7D82BAB35C40039BC7F /* MapViewStackButtonView.swift */ = {isa = PBXFileReference; lastKnownFileType = sourcecode.swift; path = MapViewStackButtonView.swift; sourceTree = "<group>"; };
		7B54A7DA2BAB3C620039BC7F /* SettingHomeView.swift */ = {isa = PBXFileReference; lastKnownFileType = sourcecode.swift; path = SettingHomeView.swift; sourceTree = "<group>"; };
		7B54A7DC2BAB3EE20039BC7F /* SettingViewController.swift */ = {isa = PBXFileReference; lastKnownFileType = sourcecode.swift; path = SettingViewController.swift; sourceTree = "<group>"; };
		7B54A7DE2BAB4C8C0039BC7F /* SeettingViewModel.swift */ = {isa = PBXFileReference; lastKnownFileType = sourcecode.swift; path = SeettingViewModel.swift; sourceTree = "<group>"; };
		7B54A7E02BAB58490039BC7F /* SettingReusableView.swift */ = {isa = PBXFileReference; lastKnownFileType = sourcecode.swift; path = SettingReusableView.swift; sourceTree = "<group>"; };
		7B63317F2BA52EA600C1C1DE /* AboutLocationViewModel.swift */ = {isa = PBXFileReference; lastKnownFileType = sourcecode.swift; path = AboutLocationViewModel.swift; sourceTree = "<group>"; };
		7B6331812BA5307900C1C1DE /* LocationMemosViewModel.swift */ = {isa = PBXFileReference; lastKnownFileType = sourcecode.swift; path = LocationMemosViewModel.swift; sourceTree = "<group>"; };
		7B6C20112BA15CFC00EB7166 /* FirstMakeFolderBaseView.swift */ = {isa = PBXFileReference; lastKnownFileType = sourcecode.swift; path = FirstMakeFolderBaseView.swift; sourceTree = "<group>"; };
		7B6C201C2BA1766C00EB7166 /* FirstMakeFolderViewControlelr.swift */ = {isa = PBXFileReference; lastKnownFileType = sourcecode.swift; path = FirstMakeFolderViewControlelr.swift; sourceTree = "<group>"; };
		7B6CE1372BAA785800322772 /* MapbeDiary.entitlements */ = {isa = PBXFileReference; lastKnownFileType = text.plist.entitlements; path = MapbeDiary.entitlements; sourceTree = "<group>"; };
		7B7BE6482BAD6E6B0072F40F /* NetWorkServiceMonitor.swift */ = {isa = PBXFileReference; lastKnownFileType = sourcecode.swift; path = NetWorkServiceMonitor.swift; sourceTree = "<group>"; };
		7B7BE64E2BAD96870072F40F /* ScrollImageView.swift */ = {isa = PBXFileReference; lastKnownFileType = sourcecode.swift; path = ScrollImageView.swift; sourceTree = "<group>"; };
		7B7BE6502BAD99160072F40F /* OnboardBaseView.swift */ = {isa = PBXFileReference; lastKnownFileType = sourcecode.swift; path = OnboardBaseView.swift; sourceTree = "<group>"; };
		7B7BE6522BAD9A830072F40F /* OnboardViewController.swift */ = {isa = PBXFileReference; lastKnownFileType = sourcecode.swift; path = OnboardViewController.swift; sourceTree = "<group>"; };
		7B80DA252BEBA132004D025A /* URLSessionManagerForConcurrency.swift */ = {isa = PBXFileReference; lastKnownFileType = sourcecode.swift; path = URLSessionManagerForConcurrency.swift; sourceTree = "<group>"; };
		7BA373322B9D45F70016E851 /* PlaceHolderTextView.swift */ = {isa = PBXFileReference; lastKnownFileType = sourcecode.swift; path = PlaceHolderTextView.swift; sourceTree = "<group>"; };
		7BA373342B9D86CC0016E851 /* SearchViewController.swift */ = {isa = PBXFileReference; lastKnownFileType = sourcecode.swift; path = SearchViewController.swift; sourceTree = "<group>"; };
		7BA373362B9D86FB0016E851 /* SearchBaseView.swift */ = {isa = PBXFileReference; lastKnownFileType = sourcecode.swift; path = SearchBaseView.swift; sourceTree = "<group>"; };
		7BA3733A2B9D88540016E851 /* SearchCollectionViewCell.swift */ = {isa = PBXFileReference; lastKnownFileType = sourcecode.swift; path = SearchCollectionViewCell.swift; sourceTree = "<group>"; };
		7BA3733C2B9D889E0016E851 /* BaseTableViewCell.swift */ = {isa = PBXFileReference; lastKnownFileType = sourcecode.swift; path = BaseTableViewCell.swift; sourceTree = "<group>"; };
		7BA3733E2B9D9F2B0016E851 /* SearchViewModel.swift */ = {isa = PBXFileReference; lastKnownFileType = sourcecode.swift; path = SearchViewModel.swift; sourceTree = "<group>"; };
		7BA373402B9DB20A0016E851 /* BaseCollectionViewCell.swift */ = {isa = PBXFileReference; lastKnownFileType = sourcecode.swift; path = BaseCollectionViewCell.swift; sourceTree = "<group>"; };
		7BA827372BB1951700227F63 /* ImageChach.swift */ = {isa = PBXFileReference; lastKnownFileType = sourcecode.swift; path = ImageChach.swift; sourceTree = "<group>"; };
		7BB250DB2BA1BDA900FDE898 /* MemoAboutBaseView.swift */ = {isa = PBXFileReference; lastKnownFileType = sourcecode.swift; path = MemoAboutBaseView.swift; sourceTree = "<group>"; };
		7BB250DD2BA1C0D500FDE898 /* FontSection.swift */ = {isa = PBXFileReference; lastKnownFileType = sourcecode.swift; path = FontSection.swift; sourceTree = "<group>"; };
		7BB250DF2BA1C4D400FDE898 /* AboutLocationViewController.swift */ = {isa = PBXFileReference; lastKnownFileType = sourcecode.swift; path = AboutLocationViewController.swift; sourceTree = "<group>"; };
		7BB250E22BA1C63300FDE898 /* MemosEmptyView.swift */ = {isa = PBXFileReference; lastKnownFileType = sourcecode.swift; path = MemosEmptyView.swift; sourceTree = "<group>"; };
		7BB250E42BA1C74F00FDE898 /* LocationAboutMemosView.swift */ = {isa = PBXFileReference; lastKnownFileType = sourcecode.swift; path = LocationAboutMemosView.swift; sourceTree = "<group>"; };
		7BB250E62BA1E18C00FDE898 /* TextFiledTesterViewModel.swift */ = {isa = PBXFileReference; lastKnownFileType = sourcecode.swift; path = TextFiledTesterViewModel.swift; sourceTree = "<group>"; };
		7BB250E82BA1EB7E00FDE898 /* MemoSettingBaseView.swift */ = {isa = PBXFileReference; lastKnownFileType = sourcecode.swift; path = MemoSettingBaseView.swift; sourceTree = "<group>"; };
		7BB250EB2BA1EBF200FDE898 /* MemoTextview.swift */ = {isa = PBXFileReference; lastKnownFileType = sourcecode.swift; path = MemoTextview.swift; sourceTree = "<group>"; };
		7BB250ED2BA1EC5800FDE898 /* MemoTextViewModel.swift */ = {isa = PBXFileReference; lastKnownFileType = sourcecode.swift; path = MemoTextViewModel.swift; sourceTree = "<group>"; };
		7BB250F42BA2072100FDE898 /* AboutMemoViewController.swift */ = {isa = PBXFileReference; lastKnownFileType = sourcecode.swift; path = AboutMemoViewController.swift; sourceTree = "<group>"; };
		7BB250FC2BA2F10F00FDE898 /* AboutMemoViewModel.swift */ = {isa = PBXFileReference; lastKnownFileType = sourcecode.swift; path = AboutMemoViewModel.swift; sourceTree = "<group>"; };
		7BB251002BA31EBF00FDE898 /* CameraService.swift */ = {isa = PBXFileReference; lastKnownFileType = sourcecode.swift; name = CameraService.swift; path = ../View/Controller/Base/Sub/CameraService.swift; sourceTree = "<group>"; };
		7BB251022BA350BD00FDE898 /* OnlyImageCollectionViewCell.swift */ = {isa = PBXFileReference; lastKnownFileType = sourcecode.swift; path = OnlyImageCollectionViewCell.swift; sourceTree = "<group>"; };
		7BB8ECBB2B9DF73D00C88F17 /* SearchBaseImageView.swift */ = {isa = PBXFileReference; lastKnownFileType = sourcecode.swift; path = SearchBaseImageView.swift; sourceTree = "<group>"; };
		7BB8ECC32B9F3AAC00C88F17 /* LacationMemosHomeBaseView.swift */ = {isa = PBXFileReference; lastKnownFileType = sourcecode.swift; path = LacationMemosHomeBaseView.swift; sourceTree = "<group>"; };
		7BB8ECC52B9F43AD00C88F17 /* MemoSimpleCollectionViewCell.swift */ = {isa = PBXFileReference; lastKnownFileType = sourcecode.swift; path = MemoSimpleCollectionViewCell.swift; sourceTree = "<group>"; };
		7BB8ECC72B9F487900C88F17 /* AllLocactionListViewController.swift */ = {isa = PBXFileReference; lastKnownFileType = sourcecode.swift; path = AllLocactionListViewController.swift; sourceTree = "<group>"; };
		7BB8ECC92B9F4D7300C88F17 /* AllMemoListViewModel.swift */ = {isa = PBXFileReference; lastKnownFileType = sourcecode.swift; path = AllMemoListViewModel.swift; sourceTree = "<group>"; };
		7BB8ECCB2B9F4E8700C88F17 /* SingleToneDataViewModel.swift */ = {isa = PBXFileReference; lastKnownFileType = sourcecode.swift; path = SingleToneDataViewModel.swift; sourceTree = "<group>"; };
		7BCF4A8E2BCAD61C00BCE635 /* README.md */ = {isa = PBXFileReference; lastKnownFileType = net.daringfireball.markdown; path = README.md; sourceTree = "<group>"; };
		7BDEA5112B9B450C008C6922 /* TestViewController.swift */ = {isa = PBXFileReference; lastKnownFileType = sourcecode.swift; path = TestViewController.swift; sourceTree = "<group>"; };
		7BDEA51B2B9B60F8008C6922 /* AddViewSection.swift */ = {isa = PBXFileReference; lastKnownFileType = sourcecode.swift; path = AddViewSection.swift; sourceTree = "<group>"; };
		7BDEA51E2B9B63D6008C6922 /* CircleImage.swift */ = {isa = PBXFileReference; lastKnownFileType = sourcecode.swift; path = CircleImage.swift; sourceTree = "<group>"; };
		7BDEA5232B9B73BF008C6922 /* AddBaseView.swift */ = {isa = PBXFileReference; lastKnownFileType = sourcecode.swift; path = AddBaseView.swift; sourceTree = "<group>"; };
		7BDEA5252B9BEE21008C6922 /* AddViewModel.swift */ = {isa = PBXFileReference; lastKnownFileType = sourcecode.swift; path = AddViewModel.swift; sourceTree = "<group>"; };
		7BECDA2A2B9C980E00033B18 /* ActionRouter.swift */ = {isa = PBXFileReference; lastKnownFileType = sourcecode.swift; path = ActionRouter.swift; sourceTree = "<group>"; };
		7BF0A7EB2BA5ABC100D40942 /* DatailTableViewCell.swift */ = {isa = PBXFileReference; lastKnownFileType = sourcecode.swift; path = DatailTableViewCell.swift; sourceTree = "<group>"; };
		7BF0A7EF2BA6B8A800D40942 /* CenterFlowLayout.swift */ = {isa = PBXFileReference; lastKnownFileType = sourcecode.swift; path = CenterFlowLayout.swift; sourceTree = "<group>"; };
		7BF1A44D2BA359460086D5D8 /* MapTextSection.swift */ = {isa = PBXFileReference; lastKnownFileType = sourcecode.swift; path = MapTextSection.swift; sourceTree = "<group>"; };
		7BF2E7F82BB8067400E83EC1 /* CalenderMemoView.swift */ = {isa = PBXFileReference; lastKnownFileType = sourcecode.swift; path = CalenderMemoView.swift; sourceTree = "<group>"; };
		7BF2E7FD2BB807FF00E83EC1 /* CalenderMemoViewController.swift */ = {isa = PBXFileReference; lastKnownFileType = sourcecode.swift; path = CalenderMemoViewController.swift; sourceTree = "<group>"; };
		7BF2E7FF2BB81D0200E83EC1 /* CalendarCollectionViewCell.swift */ = {isa = PBXFileReference; lastKnownFileType = sourcecode.swift; path = CalendarCollectionViewCell.swift; sourceTree = "<group>"; };
/* End PBXFileReference section */

/* Begin PBXFrameworksBuildPhase section */
		7B1137082B99A16F00D6BBD1 /* Frameworks */ = {
			isa = PBXFrameworksBuildPhase;
			buildActionMask = 2147483647;
			files = (
				7BA827362BB18E6E00227F63 /* Kingfisher in Frameworks */,
				7BF2E7FC2BB8070700E83EC1 /* FSCalendar in Frameworks */,
				7B1137462B99A27700D6BBD1 /* RealmSwift in Frameworks */,
				7B11375C2B99A8C000D6BBD1 /* IQKeyboardManagerSwift in Frameworks */,
				7B11374B2B99A2E400D6BBD1 /* FirebaseCrashlytics in Frameworks */,
				7B11374D2B99A2E400D6BBD1 /* FirebaseMessaging in Frameworks */,
				7B1137562B99A89100D6BBD1 /* SnapKit in Frameworks */,
				7B1137492B99A2E400D6BBD1 /* FirebaseAnalyticsWithoutAdIdSupport in Frameworks */,
				7B1137592B99A8A900D6BBD1 /* FloatingPanel in Frameworks */,
				7B6C20202BA17A1C00EB7166 /* TextFieldEffects in Frameworks */,
				7B11375F2B99A8E200D6BBD1 /* DGCharts in Frameworks */,
				7B11378A2B99C2F100D6BBD1 /* Toast in Frameworks */,
				7B1137442B99A27700D6BBD1 /* Realm in Frameworks */,
			);
			runOnlyForDeploymentPostprocessing = 0;
		};
		7B11371E2B99A17100D6BBD1 /* Frameworks */ = {
			isa = PBXFrameworksBuildPhase;
			buildActionMask = 2147483647;
			files = (
			);
			runOnlyForDeploymentPostprocessing = 0;
		};
		7B1137282B99A17100D6BBD1 /* Frameworks */ = {
			isa = PBXFrameworksBuildPhase;
			buildActionMask = 2147483647;
			files = (
			);
			runOnlyForDeploymentPostprocessing = 0;
		};
		7B2D773E2BF27DEA00D51F49 /* Frameworks */ = {
			isa = PBXFrameworksBuildPhase;
			buildActionMask = 2147483647;
			files = (
				7B2D77462BF27DEA00D51F49 /* SwiftUI.framework in Frameworks */,
				7B2D77442BF27DEA00D51F49 /* WidgetKit.framework in Frameworks */,
			);
			runOnlyForDeploymentPostprocessing = 0;
		};
/* End PBXFrameworksBuildPhase section */

/* Begin PBXGroup section */
		7B1137022B99A16F00D6BBD1 = {
			isa = PBXGroup;
			children = (
				7BCF4A8E2BCAD61C00BCE635 /* README.md */,
				7B11376C2B99A98000D6BBD1 /* Localizable.strings */,
				7B11374F2B99A81300D6BBD1 /* APIKey.swift */,
				7B1137402B99A23700D6BBD1 /* .gitignore */,
				7B11373E2B99A21200D6BBD1 /* GoogleService-Info.plist */,
				7B11370D2B99A16F00D6BBD1 /* MapbeDiary */,
				7B1137242B99A17100D6BBD1 /* MapbeDiaryTests */,
				7B11372E2B99A17100D6BBD1 /* MapbeDiaryUITests */,
				7B2D77472BF27DEA00D51F49 /* SearchWidget */,
				7B2D77422BF27DEA00D51F49 /* Frameworks */,
				7B11370C2B99A16F00D6BBD1 /* Products */,
			);
			sourceTree = "<group>";
		};
		7B11370C2B99A16F00D6BBD1 /* Products */ = {
			isa = PBXGroup;
			children = (
				7B11370B2B99A16F00D6BBD1 /* MapbeDiary.app */,
				7B1137212B99A17100D6BBD1 /* MapbeDiaryTests.xctest */,
				7B11372B2B99A17100D6BBD1 /* MapbeDiaryUITests.xctest */,
				7B2D77412BF27DEA00D51F49 /* SearchWidgetExtension.appex */,
			);
			name = Products;
			sourceTree = "<group>";
		};
		7B11370D2B99A16F00D6BBD1 /* MapbeDiary */ = {
			isa = PBXGroup;
			children = (
				7B2D775E2BF3797C00D51F49 /* Extention */,
				7B6CE1372BAA785800322772 /* MapbeDiary.entitlements */,
				7B1137852B99BF4F00D6BBD1 /* Section */,
				7B1137742B99AC5700D6BBD1 /* View */,
				7B1137602B99A8ED00D6BBD1 /* Model */,
				7B1137512B99A82F00D6BBD1 /* Manager */,
				7B11370E2B99A16F00D6BBD1 /* AppDelegate.swift */,
				7B1137102B99A16F00D6BBD1 /* SceneDelegate.swift */,
				7B1137172B99A17100D6BBD1 /* Assets.xcassets */,
				7B1137192B99A17100D6BBD1 /* LaunchScreen.storyboard */,
				7B11371C2B99A17100D6BBD1 /* Info.plist */,
				7B11376E2B99AA2100D6BBD1 /* Extention.swift */,
			);
			path = MapbeDiary;
			sourceTree = "<group>";
		};
		7B1137242B99A17100D6BBD1 /* MapbeDiaryTests */ = {
			isa = PBXGroup;
			children = (
				7B1137252B99A17100D6BBD1 /* MapbeDiaryTests.swift */,
			);
			path = MapbeDiaryTests;
			sourceTree = "<group>";
		};
		7B11372E2B99A17100D6BBD1 /* MapbeDiaryUITests */ = {
			isa = PBXGroup;
			children = (
				7B11372F2B99A17100D6BBD1 /* MapbeDiaryUITests.swift */,
				7B1137312B99A17100D6BBD1 /* MapbeDiaryUITestsLaunchTests.swift */,
			);
			path = MapbeDiaryUITests;
			sourceTree = "<group>";
		};
		7B1137512B99A82F00D6BBD1 /* Manager */ = {
			isa = PBXGroup;
			children = (
				7B1137522B99A83F00D6BBD1 /* URLSessionManager.swift */,
				7B1137702B99AB1400D6BBD1 /* RealmRepository.swift */,
				7B1137952B9B0AB800D6BBD1 /* FileManagers.swift */,
				7B1C533E2B9C716E00B712BC /* DateFormetter.swift */,
				7BB251002BA31EBF00FDE898 /* CameraService.swift */,
				7BF0A7EF2BA6B8A800D40942 /* CenterFlowLayout.swift */,
				7B7BE6482BAD6E6B0072F40F /* NetWorkServiceMonitor.swift */,
				7BA827372BB1951700227F63 /* ImageChach.swift */,
				7B80DA252BEBA132004D025A /* URLSessionManagerForConcurrency.swift */,
			);
			path = Manager;
			sourceTree = "<group>";
		};
		7B1137602B99A8ED00D6BBD1 /* Model */ = {
			isa = PBXGroup;
			children = (
				7B11378B2B99E95900D6BBD1 /* ViewModel */,
				7B1137632B99A91D00D6BBD1 /* API */,
				7B1137722B99AB2C00D6BBD1 /* RealmModel.swift */,
			);
			path = Model;
			sourceTree = "<group>";
		};
		7B1137632B99A91D00D6BBD1 /* API */ = {
			isa = PBXGroup;
			children = (
				7B1137642B99A92A00D6BBD1 /* KakaoModel.swift */,
				7B1137662B99A94800D6BBD1 /* KakaoAPIModel.swift */,
			);
			path = API;
			sourceTree = "<group>";
		};
		7B1137742B99AC5700D6BBD1 /* View */ = {
			isa = PBXGroup;
			children = (
				7B4F42862BB82ACD0081369D /* MordenCollectionViewLayout */,
				7B1137772B99ACB100D6BBD1 /* Views */,
				7B1137752B99AC6600D6BBD1 /* Controller */,
				7B1137782B99AD4200D6BBD1 /* Observable.swift */,
			);
			path = View;
			sourceTree = "<group>";
		};
		7B1137752B99AC6600D6BBD1 /* Controller */ = {
			isa = PBXGroup;
			children = (
				7BDEA5222B9B7365008C6922 /* TestViewCon */,
				7B1137822B99B59D00D6BBD1 /* Tab */,
				7B1137762B99AC9B00D6BBD1 /* Base */,
				7B11377E2B99ADBF00D6BBD1 /* MapViewController.swift */,
				7B1137972B9B394500D6BBD1 /* AddLocationMemoViewController.swift */,
				7BA373342B9D86CC0016E851 /* SearchViewController.swift */,
				7BB8ECC72B9F487900C88F17 /* AllLocactionListViewController.swift */,
				7B6C201C2BA1766C00EB7166 /* FirstMakeFolderViewControlelr.swift */,
				7BB250DF2BA1C4D400FDE898 /* AboutLocationViewController.swift */,
				7BB250F42BA2072100FDE898 /* AboutMemoViewController.swift */,
				7B54A7DC2BAB3EE20039BC7F /* SettingViewController.swift */,
				7B30DD782BAC3C8A00D789B5 /* SettingWebViewController.swift */,
				7B7BE6522BAD9A830072F40F /* OnboardViewController.swift */,
				7BF2E7FD2BB807FF00E83EC1 /* CalenderMemoViewController.swift */,
				7B2D775C2BF360B200D51F49 /* TestView.swift */,
			);
			path = Controller;
			sourceTree = "<group>";
		};
		7B1137762B99AC9B00D6BBD1 /* Base */ = {
			isa = PBXGroup;
			children = (
				7BB250EA2BA1EBE100FDE898 /* TextView */,
				7BB250E12BA1C5C900FDE898 /* Sub */,
				7B11377A2B99AD5900D6BBD1 /* BaseHomeViewController.swift */,
				7BDEA5232B9B73BF008C6922 /* AddBaseView.swift */,
				7BA373362B9D86FB0016E851 /* SearchBaseView.swift */,
				7BA3733C2B9D889E0016E851 /* BaseTableViewCell.swift */,
				7BA373402B9DB20A0016E851 /* BaseCollectionViewCell.swift */,
				7BB8ECC32B9F3AAC00C88F17 /* LacationMemosHomeBaseView.swift */,
				7B6C20112BA15CFC00EB7166 /* FirstMakeFolderBaseView.swift */,
				7BB250E42BA1C74F00FDE898 /* LocationAboutMemosView.swift */,
				7BB250E82BA1EB7E00FDE898 /* MemoSettingBaseView.swift */,
				7B54A7DA2BAB3C620039BC7F /* SettingHomeView.swift */,
				7B30DD742BAC359E00D789B5 /* WebHomeView.swift */,
				7B7BE6502BAD99160072F40F /* OnboardBaseView.swift */,
				7BF2E7F82BB8067400E83EC1 /* CalenderMemoView.swift */,
			);
			path = Base;
			sourceTree = "<group>";
		};
		7B1137772B99ACB100D6BBD1 /* Views */ = {
			isa = PBXGroup;
			children = (
				7BA373392B9D88430016E851 /* Cell */,
				7BDEA51D2B9B63C4008C6922 /* Sub */,
				7B11378E2B99FDD800D6BBD1 /* Marker */,
				7B11377C2B99AD6E00D6BBD1 /* BaseView.swift */,
				7B1137802B99AE0F00D6BBD1 /* MapHomeView.swift */,
			);
			path = Views;
			sourceTree = "<group>";
		};
		7B1137822B99B59D00D6BBD1 /* Tab */ = {
			isa = PBXGroup;
			children = (
				7B1137832B99B5A700D6BBD1 /* TabbarController.swift */,
			);
			path = Tab;
			sourceTree = "<group>";
		};
		7B1137852B99BF4F00D6BBD1 /* Section */ = {
			isa = PBXGroup;
			children = (
				7BDEA51B2B9B60F8008C6922 /* AddViewSection.swift */,
				7B1C533A2B9C376D00B712BC /* ImageSection.swift */,
				7B1C533C2B9C406000B712BC /* ErrorSection.swift */,
				7BB250DD2BA1C0D500FDE898 /* FontSection.swift */,
				7BF1A44D2BA359460086D5D8 /* MapTextSection.swift */,
			);
			path = Section;
			sourceTree = "<group>";
		};
		7B11378B2B99E95900D6BBD1 /* ViewModel */ = {
			isa = PBXGroup;
			children = (
				7B4F428B2BB850720081369D /* Cell */,
				7B7BE6542BAD9C060072F40F /* Onboard */,
				7B11378C2B99E96900D6BBD1 /* MapViewModel.swift */,
				7BDEA5252B9BEE21008C6922 /* AddViewModel.swift */,
				7BA3733E2B9D9F2B0016E851 /* SearchViewModel.swift */,
				7BB8ECC92B9F4D7300C88F17 /* AllMemoListViewModel.swift */,
				7BB8ECCB2B9F4E8700C88F17 /* SingleToneDataViewModel.swift */,
				7BB250E62BA1E18C00FDE898 /* TextFiledTesterViewModel.swift */,
				7BB250FC2BA2F10F00FDE898 /* AboutMemoViewModel.swift */,
				7B63317F2BA52EA600C1C1DE /* AboutLocationViewModel.swift */,
				7B6331812BA5307900C1C1DE /* LocationMemosViewModel.swift */,
				7B54A7DE2BAB4C8C0039BC7F /* SeettingViewModel.swift */,
				7B30DD762BAC363700D789B5 /* SettingWebViewModel.swift */,
				7B30DD7A2BAC62DB00D789B5 /* SettingViewModel.swift */,
				7B4F42892BB849350081369D /* CalenderMemoViewModel.swift */,
			);
			path = ViewModel;
			sourceTree = "<group>";
		};
		7B11378E2B99FDD800D6BBD1 /* Marker */ = {
			isa = PBXGroup;
			children = (
				7B11378F2B99FDE900D6BBD1 /* CustomAnnotationView.swift */,
				7B1137912B99FF3E00D6BBD1 /* CustomAnnotation.swift */,
			);
			path = Marker;
			sourceTree = "<group>";
		};
		7B1C53372B9C344D00B712BC /* Button */ = {
			isa = PBXGroup;
			children = (
				7B1C53382B9C345F00B712BC /* CustomButton.swift */,
				7B4EBF832BA747CE00388507 /* CustomLocationButton.swift */,
			);
			path = Button;
			sourceTree = "<group>";
		};
		7B2D77422BF27DEA00D51F49 /* Frameworks */ = {
			isa = PBXGroup;
			children = (
				7B2D77432BF27DEA00D51F49 /* WidgetKit.framework */,
				7B2D77452BF27DEA00D51F49 /* SwiftUI.framework */,
			);
			name = Frameworks;
			sourceTree = "<group>";
		};
		7B2D77472BF27DEA00D51F49 /* SearchWidget */ = {
			isa = PBXGroup;
			children = (
				7B2D77482BF27DEA00D51F49 /* SearchWidgetBundle.swift */,
				7B2D774A2BF27DEA00D51F49 /* SearchWidget.swift */,
				7B2D774C2BF27DEC00D51F49 /* Assets.xcassets */,
				7B2D774E2BF27DEC00D51F49 /* Info.plist */,
			);
			path = SearchWidget;
			sourceTree = "<group>";
		};
		7B2D775E2BF3797C00D51F49 /* Extention */ = {
			isa = PBXGroup;
			children = (
				7B2D775F2BF3798600D51F49 /* Notification.swift */,
			);
			path = Extention;
			sourceTree = "<group>";
		};
		7B4F42862BB82ACD0081369D /* MordenCollectionViewLayout */ = {
			isa = PBXGroup;
			children = (
				7B4F42872BB82AE90081369D /* MordernCollectionViewLayout.swift */,
			);
			path = MordenCollectionViewLayout;
			sourceTree = "<group>";
		};
		7B4F428B2BB850720081369D /* Cell */ = {
			isa = PBXGroup;
			children = (
				7B4F428C2BB850800081369D /* CalendarCellViewModel.swift */,
			);
			path = Cell;
			sourceTree = "<group>";
		};
		7B7BE6542BAD9C060072F40F /* Onboard */ = {
			isa = PBXGroup;
			children = (
			);
			path = Onboard;
			sourceTree = "<group>";
		};
		7BA373392B9D88430016E851 /* Cell */ = {
			isa = PBXGroup;
			children = (
				7BA3733A2B9D88540016E851 /* SearchCollectionViewCell.swift */,
				7BB8ECC52B9F43AD00C88F17 /* MemoSimpleCollectionViewCell.swift */,
				7BB251022BA350BD00FDE898 /* OnlyImageCollectionViewCell.swift */,
				7BF0A7EB2BA5ABC100D40942 /* DatailTableViewCell.swift */,
				7B54A7E02BAB58490039BC7F /* SettingReusableView.swift */,
				7BF2E7FF2BB81D0200E83EC1 /* CalendarCollectionViewCell.swift */,
			);
			path = Cell;
			sourceTree = "<group>";
		};
		7BB250E12BA1C5C900FDE898 /* Sub */ = {
			isa = PBXGroup;
			children = (
				7BB250DB2BA1BDA900FDE898 /* MemoAboutBaseView.swift */,
				7BB250E22BA1C63300FDE898 /* MemosEmptyView.swift */,
				7B0790922BA487E900AE9BF0 /* CustomImageViewer.swift */,
				7B54A7D82BAB35C40039BC7F /* MapViewStackButtonView.swift */,
				7B30DD722BAC190800D789B5 /* SettingNavigationView.swift */,
				7B7BE64E2BAD96870072F40F /* ScrollImageView.swift */,
			);
			path = Sub;
			sourceTree = "<group>";
		};
		7BB250EA2BA1EBE100FDE898 /* TextView */ = {
			isa = PBXGroup;
			children = (
				7BB250EB2BA1EBF200FDE898 /* MemoTextview.swift */,
				7BB250ED2BA1EC5800FDE898 /* MemoTextViewModel.swift */,
			);
			path = TextView;
			sourceTree = "<group>";
		};
		7BB8ECBA2B9DF72F00C88F17 /* View */ = {
			isa = PBXGroup;
			children = (
				7BB8ECBB2B9DF73D00C88F17 /* SearchBaseImageView.swift */,
				7B30DD7C2BAC670000D789B5 /* CustomIndicator.swift */,
			);
			path = View;
			sourceTree = "<group>";
		};
		7BDEA51D2B9B63C4008C6922 /* Sub */ = {
			isa = PBXGroup;
			children = (
				7BB8ECBA2B9DF72F00C88F17 /* View */,
				7BECDA292B9C97F800033B18 /* Action */,
				7B1C53372B9C344D00B712BC /* Button */,
				7BDEA51E2B9B63D6008C6922 /* CircleImage.swift */,
				7B1137992B9B3CB700D6BBD1 /* AddTitleDateImageView.swift */,
				7B1C53352B9BFBAF00B712BC /* FloatingLocationLayout.swift */,
				7BA373322B9D45F70016E851 /* PlaceHolderTextView.swift */,
			);
			path = Sub;
			sourceTree = "<group>";
		};
		7BDEA5222B9B7365008C6922 /* TestViewCon */ = {
			isa = PBXGroup;
			children = (
				7BDEA5112B9B450C008C6922 /* TestViewController.swift */,
			);
			path = TestViewCon;
			sourceTree = "<group>";
		};
		7BECDA292B9C97F800033B18 /* Action */ = {
			isa = PBXGroup;
			children = (
				7BECDA2A2B9C980E00033B18 /* ActionRouter.swift */,
			);
			path = Action;
			sourceTree = "<group>";
		};
/* End PBXGroup section */

/* Begin PBXNativeTarget section */
		7B11370A2B99A16F00D6BBD1 /* MapbeDiary */ = {
			isa = PBXNativeTarget;
			buildConfigurationList = 7B1137352B99A17100D6BBD1 /* Build configuration list for PBXNativeTarget "MapbeDiary" */;
			buildPhases = (
				7B1137072B99A16F00D6BBD1 /* Sources */,
				7B1137082B99A16F00D6BBD1 /* Frameworks */,
				7B1137092B99A16F00D6BBD1 /* Resources */,
				7B2D77552BF27DEC00D51F49 /* Embed Foundation Extensions */,
				7B11374E2B99A42700D6BBD1 /* ShellScript */,
			);
			buildRules = (
			);
			dependencies = (
				7B2D77502BF27DEC00D51F49 /* PBXTargetDependency */,
			);
			name = MapbeDiary;
			packageProductDependencies = (
				7B1137432B99A27700D6BBD1 /* Realm */,
				7B1137452B99A27700D6BBD1 /* RealmSwift */,
				7B1137482B99A2E400D6BBD1 /* FirebaseAnalyticsWithoutAdIdSupport */,
				7B11374A2B99A2E400D6BBD1 /* FirebaseCrashlytics */,
				7B11374C2B99A2E400D6BBD1 /* FirebaseMessaging */,
				7B1137552B99A89100D6BBD1 /* SnapKit */,
				7B1137582B99A8A900D6BBD1 /* FloatingPanel */,
				7B11375B2B99A8C000D6BBD1 /* IQKeyboardManagerSwift */,
				7B11375E2B99A8E200D6BBD1 /* DGCharts */,
				7B1137892B99C2F100D6BBD1 /* Toast */,
				7B6C201F2BA17A1C00EB7166 /* TextFieldEffects */,
				7BA827352BB18E6E00227F63 /* Kingfisher */,
				7BF2E7FB2BB8070700E83EC1 /* FSCalendar */,
			);
			productName = MapbeDiary;
			productReference = 7B11370B2B99A16F00D6BBD1 /* MapbeDiary.app */;
			productType = "com.apple.product-type.application";
		};
		7B1137202B99A17100D6BBD1 /* MapbeDiaryTests */ = {
			isa = PBXNativeTarget;
			buildConfigurationList = 7B1137382B99A17100D6BBD1 /* Build configuration list for PBXNativeTarget "MapbeDiaryTests" */;
			buildPhases = (
				7B11371D2B99A17100D6BBD1 /* Sources */,
				7B11371E2B99A17100D6BBD1 /* Frameworks */,
				7B11371F2B99A17100D6BBD1 /* Resources */,
			);
			buildRules = (
			);
			dependencies = (
				7B1137232B99A17100D6BBD1 /* PBXTargetDependency */,
			);
			name = MapbeDiaryTests;
			productName = MapbeDiaryTests;
			productReference = 7B1137212B99A17100D6BBD1 /* MapbeDiaryTests.xctest */;
			productType = "com.apple.product-type.bundle.unit-test";
		};
		7B11372A2B99A17100D6BBD1 /* MapbeDiaryUITests */ = {
			isa = PBXNativeTarget;
			buildConfigurationList = 7B11373B2B99A17100D6BBD1 /* Build configuration list for PBXNativeTarget "MapbeDiaryUITests" */;
			buildPhases = (
				7B1137272B99A17100D6BBD1 /* Sources */,
				7B1137282B99A17100D6BBD1 /* Frameworks */,
				7B1137292B99A17100D6BBD1 /* Resources */,
			);
			buildRules = (
			);
			dependencies = (
				7B11372D2B99A17100D6BBD1 /* PBXTargetDependency */,
			);
			name = MapbeDiaryUITests;
			productName = MapbeDiaryUITests;
			productReference = 7B11372B2B99A17100D6BBD1 /* MapbeDiaryUITests.xctest */;
			productType = "com.apple.product-type.bundle.ui-testing";
		};
		7B2D77402BF27DEA00D51F49 /* SearchWidgetExtension */ = {
			isa = PBXNativeTarget;
			buildConfigurationList = 7B2D77522BF27DEC00D51F49 /* Build configuration list for PBXNativeTarget "SearchWidgetExtension" */;
			buildPhases = (
				7B2D773D2BF27DEA00D51F49 /* Sources */,
				7B2D773E2BF27DEA00D51F49 /* Frameworks */,
				7B2D773F2BF27DEA00D51F49 /* Resources */,
			);
			buildRules = (
			);
			dependencies = (
			);
			name = SearchWidgetExtension;
			productName = SearchWidgetExtension;
			productReference = 7B2D77412BF27DEA00D51F49 /* SearchWidgetExtension.appex */;
			productType = "com.apple.product-type.app-extension";
		};
/* End PBXNativeTarget section */

/* Begin PBXProject section */
		7B1137032B99A16F00D6BBD1 /* Project object */ = {
			isa = PBXProject;
			attributes = {
				BuildIndependentTargetsInParallel = 1;
				LastSwiftUpdateCheck = 1530;
				LastUpgradeCheck = 1520;
				TargetAttributes = {
					7B11370A2B99A16F00D6BBD1 = {
						CreatedOnToolsVersion = 15.2;
					};
					7B1137202B99A17100D6BBD1 = {
						CreatedOnToolsVersion = 15.2;
						TestTargetID = 7B11370A2B99A16F00D6BBD1;
					};
					7B11372A2B99A17100D6BBD1 = {
						CreatedOnToolsVersion = 15.2;
						TestTargetID = 7B11370A2B99A16F00D6BBD1;
					};
					7B2D77402BF27DEA00D51F49 = {
						CreatedOnToolsVersion = 15.3;
					};
				};
			};
			buildConfigurationList = 7B1137062B99A16F00D6BBD1 /* Build configuration list for PBXProject "MapbeDiary" */;
			compatibilityVersion = "Xcode 14.0";
			developmentRegion = en;
			hasScannedForEncodings = 0;
			knownRegions = (
				en,
				Base,
				ko,
			);
			mainGroup = 7B1137022B99A16F00D6BBD1;
			packageReferences = (
				7B1137422B99A27700D6BBD1 /* XCRemoteSwiftPackageReference "realm-swift" */,
				7B1137472B99A2E400D6BBD1 /* XCRemoteSwiftPackageReference "firebase-ios-sdk" */,
				7B1137542B99A89100D6BBD1 /* XCRemoteSwiftPackageReference "SnapKit" */,
				7B1137572B99A8A900D6BBD1 /* XCRemoteSwiftPackageReference "FloatingPanel" */,
				7B11375A2B99A8C000D6BBD1 /* XCRemoteSwiftPackageReference "IQKeyboardManager" */,
				7B11375D2B99A8E200D6BBD1 /* XCRemoteSwiftPackageReference "Charts" */,
				7B1137882B99C2F100D6BBD1 /* XCRemoteSwiftPackageReference "Toast-Swift" */,
				7B6C201E2BA17A1C00EB7166 /* XCRemoteSwiftPackageReference "TextFieldEffects" */,
				7BA827342BB18E6E00227F63 /* XCRemoteSwiftPackageReference "Kingfisher" */,
				7BF2E7FA2BB8070700E83EC1 /* XCRemoteSwiftPackageReference "FSCalendar" */,
			);
			productRefGroup = 7B11370C2B99A16F00D6BBD1 /* Products */;
			projectDirPath = "";
			projectRoot = "";
			targets = (
				7B11370A2B99A16F00D6BBD1 /* MapbeDiary */,
				7B1137202B99A17100D6BBD1 /* MapbeDiaryTests */,
				7B11372A2B99A17100D6BBD1 /* MapbeDiaryUITests */,
				7B2D77402BF27DEA00D51F49 /* SearchWidgetExtension */,
			);
		};
/* End PBXProject section */

/* Begin PBXResourcesBuildPhase section */
		7B1137092B99A16F00D6BBD1 /* Resources */ = {
			isa = PBXResourcesBuildPhase;
			buildActionMask = 2147483647;
			files = (
				7BCF4A8F2BCAD61C00BCE635 /* README.md in Resources */,
				7B11376A2B99A98000D6BBD1 /* Localizable.strings in Resources */,
				7B1137412B99A23700D6BBD1 /* .gitignore in Resources */,
				7B11371B2B99A17100D6BBD1 /* LaunchScreen.storyboard in Resources */,
				7B11373F2B99A21200D6BBD1 /* GoogleService-Info.plist in Resources */,
				7B1137182B99A17100D6BBD1 /* Assets.xcassets in Resources */,
			);
			runOnlyForDeploymentPostprocessing = 0;
		};
		7B11371F2B99A17100D6BBD1 /* Resources */ = {
			isa = PBXResourcesBuildPhase;
			buildActionMask = 2147483647;
			files = (
			);
			runOnlyForDeploymentPostprocessing = 0;
		};
		7B1137292B99A17100D6BBD1 /* Resources */ = {
			isa = PBXResourcesBuildPhase;
			buildActionMask = 2147483647;
			files = (
			);
			runOnlyForDeploymentPostprocessing = 0;
		};
		7B2D773F2BF27DEA00D51F49 /* Resources */ = {
			isa = PBXResourcesBuildPhase;
			buildActionMask = 2147483647;
			files = (
				7B2D774D2BF27DEC00D51F49 /* Assets.xcassets in Resources */,
			);
			runOnlyForDeploymentPostprocessing = 0;
		};
/* End PBXResourcesBuildPhase section */

/* Begin PBXShellScriptBuildPhase section */
		7B11374E2B99A42700D6BBD1 /* ShellScript */ = {
			isa = PBXShellScriptBuildPhase;
			buildActionMask = 2147483647;
			files = (
			);
			inputFileListPaths = (
			);
			inputPaths = (
				"${DWARF_DSYM_FOLDER_PATH}/${DWARF_DSYM_FILE_NAME}",
				"${DWARF_DSYM_FOLDER_PATH}/${DWARF_DSYM_FILE_NAME}/Contents/Resources/DWARF/${PRODUCT_NAME}",
				"${DWARF_DSYM_FOLDER_PATH}/${DWARF_DSYM_FILE_NAME}/Contents/Info.plist",
				"$(TARGET_BUILD_DIR)/$(UNLOCALIZED_RESOURCES_FOLDER_PATH)/GoogleService-Info.plist",
				"$(TARGET_BUILD_DIR)/$(EXECUTABLE_PATH)",
			);
			outputFileListPaths = (
			);
			outputPaths = (
			);
			runOnlyForDeploymentPostprocessing = 0;
			shellPath = /bin/sh;
			shellScript = "# Type a script or drag a script file from your workspace to insert its path.\n\"${BUILD_DIR%/Build/*}/SourcePackages/checkouts/firebase-ios-sdk/Crashlytics/run\"\n";
		};
/* End PBXShellScriptBuildPhase section */

/* Begin PBXSourcesBuildPhase section */
		7B1137072B99A16F00D6BBD1 /* Sources */ = {
			isa = PBXSourcesBuildPhase;
			buildActionMask = 2147483647;
			files = (
				7BF2E7F92BB8067400E83EC1 /* CalenderMemoView.swift in Sources */,
				7B11377F2B99ADBF00D6BBD1 /* MapViewController.swift in Sources */,
				7B7BE6532BAD9A830072F40F /* OnboardViewController.swift in Sources */,
				7B11376F2B99AA2100D6BBD1 /* Extention.swift in Sources */,
				7B0790932BA487E900AE9BF0 /* CustomImageViewer.swift in Sources */,
				7BB8ECC82B9F487900C88F17 /* AllLocactionListViewController.swift in Sources */,
				7BA827382BB1951700227F63 /* ImageChach.swift in Sources */,
				7BDEA5122B9B450C008C6922 /* TestViewController.swift in Sources */,
				7B54A7DD2BAB3EE20039BC7F /* SettingViewController.swift in Sources */,
				7B1137652B99A92A00D6BBD1 /* KakaoModel.swift in Sources */,
				7B7BE64F2BAD96870072F40F /* ScrollImageView.swift in Sources */,
				7BB251012BA31EBF00FDE898 /* CameraService.swift in Sources */,
				7BA373412B9DB20A0016E851 /* BaseCollectionViewCell.swift in Sources */,
				7BA3733B2B9D88540016E851 /* SearchCollectionViewCell.swift in Sources */,
				7BF2E8002BB81D0200E83EC1 /* CalendarCollectionViewCell.swift in Sources */,
				7B54A7D92BAB35C40039BC7F /* MapViewStackButtonView.swift in Sources */,
				7B1C533F2B9C716E00B712BC /* DateFormetter.swift in Sources */,
				7B1137962B9B0AB800D6BBD1 /* FileManagers.swift in Sources */,
				7B6331822BA5307900C1C1DE /* LocationMemosViewModel.swift in Sources */,
				7B1137922B99FF3E00D6BBD1 /* CustomAnnotation.swift in Sources */,
				7B54A7DF2BAB4C8C0039BC7F /* SeettingViewModel.swift in Sources */,
				7BDEA5262B9BEE21008C6922 /* AddViewModel.swift in Sources */,
				7BB250EE2BA1EC5800FDE898 /* MemoTextViewModel.swift in Sources */,
				7B1137732B99AB2C00D6BBD1 /* RealmModel.swift in Sources */,
				7B11377D2B99AD6E00D6BBD1 /* BaseView.swift in Sources */,
				7BDEA51C2B9B60F8008C6922 /* AddViewSection.swift in Sources */,
				7BB8ECCC2B9F4E8700C88F17 /* SingleToneDataViewModel.swift in Sources */,
				7B11370F2B99A16F00D6BBD1 /* AppDelegate.swift in Sources */,
				7B1137502B99A81300D6BBD1 /* APIKey.swift in Sources */,
				7B30DD792BAC3C8A00D789B5 /* SettingWebViewController.swift in Sources */,
				7BB250DE2BA1C0D500FDE898 /* FontSection.swift in Sources */,
				7B30DD732BAC190800D789B5 /* SettingNavigationView.swift in Sources */,
				7B1137902B99FDE900D6BBD1 /* CustomAnnotationView.swift in Sources */,
				7BB8ECC42B9F3AAC00C88F17 /* LacationMemosHomeBaseView.swift in Sources */,
				7BB8ECCA2B9F4D7300C88F17 /* AllMemoListViewModel.swift in Sources */,
				7BB250E32BA1C63300FDE898 /* MemosEmptyView.swift in Sources */,
				7B1C533B2B9C376E00B712BC /* ImageSection.swift in Sources */,
				7BB250FD2BA2F10F00FDE898 /* AboutMemoViewModel.swift in Sources */,
				7BB250E72BA1E18C00FDE898 /* TextFiledTesterViewModel.swift in Sources */,
				7B54A7DB2BAB3C620039BC7F /* SettingHomeView.swift in Sources */,
				7B11378D2B99E96900D6BBD1 /* MapViewModel.swift in Sources */,
				7B7BE6512BAD99160072F40F /* OnboardBaseView.swift in Sources */,
				7BB8ECC62B9F43AD00C88F17 /* MemoSimpleCollectionViewCell.swift in Sources */,
				7BF1A44E2BA359460086D5D8 /* MapTextSection.swift in Sources */,
				7B11377B2B99AD5900D6BBD1 /* BaseHomeViewController.swift in Sources */,
				7B6C201D2BA1766C00EB7166 /* FirstMakeFolderViewControlelr.swift in Sources */,
				7BA373372B9D86FB0016E851 /* SearchBaseView.swift in Sources */,
				7B1137712B99AB1400D6BBD1 /* RealmRepository.swift in Sources */,
				7B1137792B99AD4200D6BBD1 /* Observable.swift in Sources */,
				7BB250DC2BA1BDA900FDE898 /* MemoAboutBaseView.swift in Sources */,
				7B1137112B99A16F00D6BBD1 /* SceneDelegate.swift in Sources */,
				7B4F42882BB82AE90081369D /* MordernCollectionViewLayout.swift in Sources */,
				7BF2E7FE2BB807FF00E83EC1 /* CalenderMemoViewController.swift in Sources */,
				7BDEA5242B9B73BF008C6922 /* AddBaseView.swift in Sources */,
				7BB250E02BA1C4D400FDE898 /* AboutLocationViewController.swift in Sources */,
				7B11379A2B9B3CB700D6BBD1 /* AddTitleDateImageView.swift in Sources */,
				7B1137672B99A94800D6BBD1 /* KakaoAPIModel.swift in Sources */,
				7BA3733F2B9D9F2B0016E851 /* SearchViewModel.swift in Sources */,
				7B54A7E12BAB58490039BC7F /* SettingReusableView.swift in Sources */,
				7BECDA2B2B9C980E00033B18 /* ActionRouter.swift in Sources */,
				7BA373332B9D45F70016E851 /* PlaceHolderTextView.swift in Sources */,
				7B1137812B99AE0F00D6BBD1 /* MapHomeView.swift in Sources */,
				7B1C533D2B9C406000B712BC /* ErrorSection.swift in Sources */,
				7B2D775D2BF360B200D51F49 /* TestView.swift in Sources */,
				7BB251032BA350BD00FDE898 /* OnlyImageCollectionViewCell.swift in Sources */,
				7B1C53362B9BFBAF00B712BC /* FloatingLocationLayout.swift in Sources */,
				7B1137842B99B5A700D6BBD1 /* TabbarController.swift in Sources */,
				7B4F428D2BB850800081369D /* CalendarCellViewModel.swift in Sources */,
				7BA373352B9D86CC0016E851 /* SearchViewController.swift in Sources */,
				7B30DD772BAC363700D789B5 /* SettingWebViewModel.swift in Sources */,
				7BB250E92BA1EB7E00FDE898 /* MemoSettingBaseView.swift in Sources */,
				7BF0A7EC2BA5ABC100D40942 /* DatailTableViewCell.swift in Sources */,
				7B2D77602BF3798600D51F49 /* Notification.swift in Sources */,
				7B4F428A2BB849350081369D /* CalenderMemoViewModel.swift in Sources */,
				7B30DD7D2BAC670000D789B5 /* CustomIndicator.swift in Sources */,
				7BB8ECBC2B9DF73D00C88F17 /* SearchBaseImageView.swift in Sources */,
				7B1137982B9B394500D6BBD1 /* AddLocationMemoViewController.swift in Sources */,
				7B30DD7B2BAC62DB00D789B5 /* SettingViewModel.swift in Sources */,
				7B6331802BA52EA600C1C1DE /* AboutLocationViewModel.swift in Sources */,
				7B1137532B99A83F00D6BBD1 /* URLSessionManager.swift in Sources */,
				7B80DA262BEBA132004D025A /* URLSessionManagerForConcurrency.swift in Sources */,
				7BB250F52BA2072100FDE898 /* AboutMemoViewController.swift in Sources */,
				7BF0A7F02BA6B8A800D40942 /* CenterFlowLayout.swift in Sources */,
				7B30DD752BAC359E00D789B5 /* WebHomeView.swift in Sources */,
				7B7BE6492BAD6E6B0072F40F /* NetWorkServiceMonitor.swift in Sources */,
				7B6C20122BA15CFC00EB7166 /* FirstMakeFolderBaseView.swift in Sources */,
				7BDEA51F2B9B63D6008C6922 /* CircleImage.swift in Sources */,
				7BA3733D2B9D889E0016E851 /* BaseTableViewCell.swift in Sources */,
				7BB250EC2BA1EBF200FDE898 /* MemoTextview.swift in Sources */,
				7B4EBF842BA747CE00388507 /* CustomLocationButton.swift in Sources */,
				7B1C53392B9C345F00B712BC /* CustomButton.swift in Sources */,
				7BB250E52BA1C74F00FDE898 /* LocationAboutMemosView.swift in Sources */,
			);
			runOnlyForDeploymentPostprocessing = 0;
		};
		7B11371D2B99A17100D6BBD1 /* Sources */ = {
			isa = PBXSourcesBuildPhase;
			buildActionMask = 2147483647;
			files = (
				7B1137262B99A17100D6BBD1 /* MapbeDiaryTests.swift in Sources */,
			);
			runOnlyForDeploymentPostprocessing = 0;
		};
		7B1137272B99A17100D6BBD1 /* Sources */ = {
			isa = PBXSourcesBuildPhase;
			buildActionMask = 2147483647;
			files = (
				7B1137322B99A17100D6BBD1 /* MapbeDiaryUITestsLaunchTests.swift in Sources */,
				7B1137302B99A17100D6BBD1 /* MapbeDiaryUITests.swift in Sources */,
			);
			runOnlyForDeploymentPostprocessing = 0;
		};
		7B2D773D2BF27DEA00D51F49 /* Sources */ = {
			isa = PBXSourcesBuildPhase;
			buildActionMask = 2147483647;
			files = (
				7B2D77492BF27DEA00D51F49 /* SearchWidgetBundle.swift in Sources */,
				7B2D774B2BF27DEA00D51F49 /* SearchWidget.swift in Sources */,
			);
			runOnlyForDeploymentPostprocessing = 0;
		};
/* End PBXSourcesBuildPhase section */

/* Begin PBXTargetDependency section */
		7B1137232B99A17100D6BBD1 /* PBXTargetDependency */ = {
			isa = PBXTargetDependency;
			target = 7B11370A2B99A16F00D6BBD1 /* MapbeDiary */;
			targetProxy = 7B1137222B99A17100D6BBD1 /* PBXContainerItemProxy */;
		};
		7B11372D2B99A17100D6BBD1 /* PBXTargetDependency */ = {
			isa = PBXTargetDependency;
			target = 7B11370A2B99A16F00D6BBD1 /* MapbeDiary */;
			targetProxy = 7B11372C2B99A17100D6BBD1 /* PBXContainerItemProxy */;
		};
		7B2D77502BF27DEC00D51F49 /* PBXTargetDependency */ = {
			isa = PBXTargetDependency;
			target = 7B2D77402BF27DEA00D51F49 /* SearchWidgetExtension */;
			targetProxy = 7B2D774F2BF27DEC00D51F49 /* PBXContainerItemProxy */;
		};
/* End PBXTargetDependency section */

/* Begin PBXVariantGroup section */
		7B1137192B99A17100D6BBD1 /* LaunchScreen.storyboard */ = {
			isa = PBXVariantGroup;
			children = (
				7B11371A2B99A17100D6BBD1 /* Base */,
			);
			name = LaunchScreen.storyboard;
			sourceTree = "<group>";
		};
		7B11376C2B99A98000D6BBD1 /* Localizable.strings */ = {
			isa = PBXVariantGroup;
			children = (
				7B11376B2B99A98000D6BBD1 /* en */,
				7B11376D2B99A99F00D6BBD1 /* ko */,
			);
			name = Localizable.strings;
			sourceTree = "<group>";
		};
/* End PBXVariantGroup section */

/* Begin XCBuildConfiguration section */
		7B1137332B99A17100D6BBD1 /* Debug */ = {
			isa = XCBuildConfiguration;
			buildSettings = {
				ALWAYS_SEARCH_USER_PATHS = NO;
				ASSETCATALOG_COMPILER_GENERATE_SWIFT_ASSET_SYMBOL_EXTENSIONS = YES;
				CLANG_ANALYZER_LOCALIZABILITY_NONLOCALIZED = YES;
				CLANG_ANALYZER_NONNULL = YES;
				CLANG_ANALYZER_NUMBER_OBJECT_CONVERSION = YES_AGGRESSIVE;
				CLANG_CXX_LANGUAGE_STANDARD = "gnu++20";
				CLANG_ENABLE_MODULES = YES;
				CLANG_ENABLE_OBJC_ARC = YES;
				CLANG_ENABLE_OBJC_WEAK = YES;
				CLANG_WARN_BLOCK_CAPTURE_AUTORELEASING = YES;
				CLANG_WARN_BOOL_CONVERSION = YES;
				CLANG_WARN_COMMA = YES;
				CLANG_WARN_CONSTANT_CONVERSION = YES;
				CLANG_WARN_DEPRECATED_OBJC_IMPLEMENTATIONS = YES;
				CLANG_WARN_DIRECT_OBJC_ISA_USAGE = YES_ERROR;
				CLANG_WARN_DOCUMENTATION_COMMENTS = YES;
				CLANG_WARN_EMPTY_BODY = YES;
				CLANG_WARN_ENUM_CONVERSION = YES;
				CLANG_WARN_INFINITE_RECURSION = YES;
				CLANG_WARN_INT_CONVERSION = YES;
				CLANG_WARN_NON_LITERAL_NULL_CONVERSION = YES;
				CLANG_WARN_OBJC_IMPLICIT_RETAIN_SELF = YES;
				CLANG_WARN_OBJC_LITERAL_CONVERSION = YES;
				CLANG_WARN_OBJC_ROOT_CLASS = YES_ERROR;
				CLANG_WARN_QUOTED_INCLUDE_IN_FRAMEWORK_HEADER = YES;
				CLANG_WARN_RANGE_LOOP_ANALYSIS = YES;
				CLANG_WARN_STRICT_PROTOTYPES = YES;
				CLANG_WARN_SUSPICIOUS_MOVE = YES;
				CLANG_WARN_UNGUARDED_AVAILABILITY = YES_AGGRESSIVE;
				CLANG_WARN_UNREACHABLE_CODE = YES;
				CLANG_WARN__DUPLICATE_METHOD_MATCH = YES;
				COPY_PHASE_STRIP = NO;
				DEBUG_INFORMATION_FORMAT = dwarf;
				ENABLE_STRICT_OBJC_MSGSEND = YES;
				ENABLE_TESTABILITY = YES;
				ENABLE_USER_SCRIPT_SANDBOXING = YES;
				GCC_C_LANGUAGE_STANDARD = gnu17;
				GCC_DYNAMIC_NO_PIC = NO;
				GCC_NO_COMMON_BLOCKS = YES;
				GCC_OPTIMIZATION_LEVEL = 0;
				GCC_PREPROCESSOR_DEFINITIONS = (
					"DEBUG=1",
					"$(inherited)",
				);
				GCC_WARN_64_TO_32_BIT_CONVERSION = YES;
				GCC_WARN_ABOUT_RETURN_TYPE = YES_ERROR;
				GCC_WARN_UNDECLARED_SELECTOR = YES;
				GCC_WARN_UNINITIALIZED_AUTOS = YES_AGGRESSIVE;
				GCC_WARN_UNUSED_FUNCTION = YES;
				GCC_WARN_UNUSED_VARIABLE = YES;
				IPHONEOS_DEPLOYMENT_TARGET = 17.0;
				LOCALIZATION_PREFERS_STRING_CATALOGS = YES;
				MTL_ENABLE_DEBUG_INFO = INCLUDE_SOURCE;
				MTL_FAST_MATH = YES;
				ONLY_ACTIVE_ARCH = YES;
				SDKROOT = iphoneos;
				SWIFT_ACTIVE_COMPILATION_CONDITIONS = "DEBUG $(inherited)";
				SWIFT_OPTIMIZATION_LEVEL = "-Onone";
			};
			name = Debug;
		};
		7B1137342B99A17100D6BBD1 /* Release */ = {
			isa = XCBuildConfiguration;
			buildSettings = {
				ALWAYS_SEARCH_USER_PATHS = NO;
				ASSETCATALOG_COMPILER_GENERATE_SWIFT_ASSET_SYMBOL_EXTENSIONS = YES;
				CLANG_ANALYZER_LOCALIZABILITY_NONLOCALIZED = YES;
				CLANG_ANALYZER_NONNULL = YES;
				CLANG_ANALYZER_NUMBER_OBJECT_CONVERSION = YES_AGGRESSIVE;
				CLANG_CXX_LANGUAGE_STANDARD = "gnu++20";
				CLANG_ENABLE_MODULES = YES;
				CLANG_ENABLE_OBJC_ARC = YES;
				CLANG_ENABLE_OBJC_WEAK = YES;
				CLANG_WARN_BLOCK_CAPTURE_AUTORELEASING = YES;
				CLANG_WARN_BOOL_CONVERSION = YES;
				CLANG_WARN_COMMA = YES;
				CLANG_WARN_CONSTANT_CONVERSION = YES;
				CLANG_WARN_DEPRECATED_OBJC_IMPLEMENTATIONS = YES;
				CLANG_WARN_DIRECT_OBJC_ISA_USAGE = YES_ERROR;
				CLANG_WARN_DOCUMENTATION_COMMENTS = YES;
				CLANG_WARN_EMPTY_BODY = YES;
				CLANG_WARN_ENUM_CONVERSION = YES;
				CLANG_WARN_INFINITE_RECURSION = YES;
				CLANG_WARN_INT_CONVERSION = YES;
				CLANG_WARN_NON_LITERAL_NULL_CONVERSION = YES;
				CLANG_WARN_OBJC_IMPLICIT_RETAIN_SELF = YES;
				CLANG_WARN_OBJC_LITERAL_CONVERSION = YES;
				CLANG_WARN_OBJC_ROOT_CLASS = YES_ERROR;
				CLANG_WARN_QUOTED_INCLUDE_IN_FRAMEWORK_HEADER = YES;
				CLANG_WARN_RANGE_LOOP_ANALYSIS = YES;
				CLANG_WARN_STRICT_PROTOTYPES = YES;
				CLANG_WARN_SUSPICIOUS_MOVE = YES;
				CLANG_WARN_UNGUARDED_AVAILABILITY = YES_AGGRESSIVE;
				CLANG_WARN_UNREACHABLE_CODE = YES;
				CLANG_WARN__DUPLICATE_METHOD_MATCH = YES;
				COPY_PHASE_STRIP = NO;
				DEBUG_INFORMATION_FORMAT = "dwarf-with-dsym";
				ENABLE_NS_ASSERTIONS = NO;
				ENABLE_STRICT_OBJC_MSGSEND = YES;
				ENABLE_USER_SCRIPT_SANDBOXING = YES;
				GCC_C_LANGUAGE_STANDARD = gnu17;
				GCC_NO_COMMON_BLOCKS = YES;
				GCC_WARN_64_TO_32_BIT_CONVERSION = YES;
				GCC_WARN_ABOUT_RETURN_TYPE = YES_ERROR;
				GCC_WARN_UNDECLARED_SELECTOR = YES;
				GCC_WARN_UNINITIALIZED_AUTOS = YES_AGGRESSIVE;
				GCC_WARN_UNUSED_FUNCTION = YES;
				GCC_WARN_UNUSED_VARIABLE = YES;
				IPHONEOS_DEPLOYMENT_TARGET = 17.0;
				LOCALIZATION_PREFERS_STRING_CATALOGS = YES;
				MTL_ENABLE_DEBUG_INFO = NO;
				MTL_FAST_MATH = YES;
				SDKROOT = iphoneos;
				SWIFT_COMPILATION_MODE = wholemodule;
				VALIDATE_PRODUCT = YES;
			};
			name = Release;
		};
		7B1137362B99A17100D6BBD1 /* Debug */ = {
			isa = XCBuildConfiguration;
			buildSettings = {
				ALWAYS_EMBED_SWIFT_STANDARD_LIBRARIES = YES;
				ASSETCATALOG_COMPILER_APPICON_NAME = AppIcon;
				ASSETCATALOG_COMPILER_GLOBAL_ACCENT_COLOR_NAME = AccentColor;
				CODE_SIGN_ENTITLEMENTS = MapbeDiary/MapbeDiary.entitlements;
				CODE_SIGN_STYLE = Automatic;
				CURRENT_PROJECT_VERSION = 1.1.4;
				DEBUG_INFORMATION_FORMAT = "dwarf-with-dsym";
				DEVELOPMENT_TEAM = H25F4B7J4U;
				GENERATE_INFOPLIST_FILE = YES;
				INFOPLIST_FILE = MapbeDiary/Info.plist;
				INFOPLIST_KEY_CFBundleDisplayName = MapBeMemo;
				INFOPLIST_KEY_NSCameraUsageDescription = "사용자의 사진을 기반으로 메모를 제공하기 위해 카메라 권한이 필요합니다";
				INFOPLIST_KEY_NSLocationWhenInUseUsageDescription = "사용자의 위치를 기반으로 메모를 제공하기 위해 위치 권한이 필요합니다";
				INFOPLIST_KEY_NSPhotoLibraryUsageDescription = "사용자의 사진을 기반으로 메모를 제공하기 위해 갤러리 권한이 필요합니다.";
				INFOPLIST_KEY_UIApplicationSupportsIndirectInputEvents = YES;
				INFOPLIST_KEY_UILaunchStoryboardName = LaunchScreen;
				INFOPLIST_KEY_UISupportedInterfaceOrientations_iPad = "UIInterfaceOrientationPortrait UIInterfaceOrientationPortraitUpsideDown UIInterfaceOrientationLandscapeLeft UIInterfaceOrientationLandscapeRight";
				INFOPLIST_KEY_UISupportedInterfaceOrientations_iPhone = "UIInterfaceOrientationPortrait UIInterfaceOrientationLandscapeLeft UIInterfaceOrientationLandscapeRight";
				INFOPLIST_KEY_UIUserInterfaceStyle = Light;
				IPHONEOS_DEPLOYMENT_TARGET = 16.0;
				LD_RUNPATH_SEARCH_PATHS = (
					"$(inherited)",
					"@executable_path/Frameworks",
				);
				MARKETING_VERSION = 1.1.4;
				OTHER_LDFLAGS = "-ObjC";
				PRODUCT_BUNDLE_IDENTIFIER = com.SilverGun.MapbeDiary;
				PRODUCT_NAME = "$(TARGET_NAME)";
				SUPPORTED_PLATFORMS = "iphoneos iphonesimulator";
				SUPPORTS_MACCATALYST = NO;
				SUPPORTS_MAC_DESIGNED_FOR_IPHONE_IPAD = NO;
				SUPPORTS_XR_DESIGNED_FOR_IPHONE_IPAD = NO;
				SWIFT_EMIT_LOC_STRINGS = YES;
				SWIFT_VERSION = 5.0;
				TARGETED_DEVICE_FAMILY = 1;
			};
			name = Debug;
		};
		7B1137372B99A17100D6BBD1 /* Release */ = {
			isa = XCBuildConfiguration;
			buildSettings = {
				ALWAYS_EMBED_SWIFT_STANDARD_LIBRARIES = YES;
				ASSETCATALOG_COMPILER_APPICON_NAME = AppIcon;
				ASSETCATALOG_COMPILER_GLOBAL_ACCENT_COLOR_NAME = AccentColor;
				CODE_SIGN_ENTITLEMENTS = MapbeDiary/MapbeDiary.entitlements;
				CODE_SIGN_STYLE = Automatic;
				CURRENT_PROJECT_VERSION = 1.1.4;
				DEVELOPMENT_TEAM = H25F4B7J4U;
				GENERATE_INFOPLIST_FILE = YES;
				INFOPLIST_FILE = MapbeDiary/Info.plist;
				INFOPLIST_KEY_CFBundleDisplayName = MapBeMemo;
				INFOPLIST_KEY_NSCameraUsageDescription = "사용자의 사진을 기반으로 메모를 제공하기 위해 카메라 권한이 필요합니다";
				INFOPLIST_KEY_NSLocationWhenInUseUsageDescription = "사용자의 위치를 기반으로 메모를 제공하기 위해 위치 권한이 필요합니다";
				INFOPLIST_KEY_NSPhotoLibraryUsageDescription = "사용자의 사진을 기반으로 메모를 제공하기 위해 갤러리 권한이 필요합니다.";
				INFOPLIST_KEY_UIApplicationSupportsIndirectInputEvents = YES;
				INFOPLIST_KEY_UILaunchStoryboardName = LaunchScreen;
				INFOPLIST_KEY_UISupportedInterfaceOrientations_iPad = "UIInterfaceOrientationPortrait UIInterfaceOrientationPortraitUpsideDown UIInterfaceOrientationLandscapeLeft UIInterfaceOrientationLandscapeRight";
				INFOPLIST_KEY_UISupportedInterfaceOrientations_iPhone = "UIInterfaceOrientationPortrait UIInterfaceOrientationLandscapeLeft UIInterfaceOrientationLandscapeRight";
				INFOPLIST_KEY_UIUserInterfaceStyle = Light;
				IPHONEOS_DEPLOYMENT_TARGET = 16.0;
				LD_RUNPATH_SEARCH_PATHS = (
					"$(inherited)",
					"@executable_path/Frameworks",
				);
				MARKETING_VERSION = 1.1.4;
				OTHER_LDFLAGS = "-ObjC";
				PRODUCT_BUNDLE_IDENTIFIER = com.SilverGun.MapbeDiary;
				PRODUCT_NAME = "$(TARGET_NAME)";
				SUPPORTED_PLATFORMS = "iphoneos iphonesimulator";
				SUPPORTS_MACCATALYST = NO;
				SUPPORTS_MAC_DESIGNED_FOR_IPHONE_IPAD = NO;
				SUPPORTS_XR_DESIGNED_FOR_IPHONE_IPAD = NO;
				SWIFT_EMIT_LOC_STRINGS = YES;
				SWIFT_VERSION = 5.0;
				TARGETED_DEVICE_FAMILY = 1;
			};
			name = Release;
		};
		7B1137392B99A17100D6BBD1 /* Debug */ = {
			isa = XCBuildConfiguration;
			buildSettings = {
				ALWAYS_EMBED_SWIFT_STANDARD_LIBRARIES = YES;
				BUNDLE_LOADER = "$(TEST_HOST)";
				CODE_SIGN_STYLE = Automatic;
				CURRENT_PROJECT_VERSION = 1;
				DEVELOPMENT_TEAM = H25F4B7J4U;
				GENERATE_INFOPLIST_FILE = YES;
				IPHONEOS_DEPLOYMENT_TARGET = 16.0;
				MARKETING_VERSION = 1.0;
				PRODUCT_BUNDLE_IDENTIFIER = com.SilverGun.MapbeDiaryTests;
				PRODUCT_NAME = "$(TARGET_NAME)";
				SWIFT_EMIT_LOC_STRINGS = NO;
				SWIFT_VERSION = 5.0;
				TARGETED_DEVICE_FAMILY = "1,2";
				TEST_HOST = "$(BUILT_PRODUCTS_DIR)/MapbeDiary.app/$(BUNDLE_EXECUTABLE_FOLDER_PATH)/MapbeDiary";
			};
			name = Debug;
		};
		7B11373A2B99A17100D6BBD1 /* Release */ = {
			isa = XCBuildConfiguration;
			buildSettings = {
				ALWAYS_EMBED_SWIFT_STANDARD_LIBRARIES = YES;
				BUNDLE_LOADER = "$(TEST_HOST)";
				CODE_SIGN_STYLE = Automatic;
				CURRENT_PROJECT_VERSION = 1;
				DEVELOPMENT_TEAM = H25F4B7J4U;
				GENERATE_INFOPLIST_FILE = YES;
				IPHONEOS_DEPLOYMENT_TARGET = 16.0;
				MARKETING_VERSION = 1.0;
				PRODUCT_BUNDLE_IDENTIFIER = com.SilverGun.MapbeDiaryTests;
				PRODUCT_NAME = "$(TARGET_NAME)";
				SWIFT_EMIT_LOC_STRINGS = NO;
				SWIFT_VERSION = 5.0;
				TARGETED_DEVICE_FAMILY = "1,2";
				TEST_HOST = "$(BUILT_PRODUCTS_DIR)/MapbeDiary.app/$(BUNDLE_EXECUTABLE_FOLDER_PATH)/MapbeDiary";
			};
			name = Release;
		};
		7B11373C2B99A17100D6BBD1 /* Debug */ = {
			isa = XCBuildConfiguration;
			buildSettings = {
				ALWAYS_EMBED_SWIFT_STANDARD_LIBRARIES = YES;
				CODE_SIGN_STYLE = Automatic;
				CURRENT_PROJECT_VERSION = 1;
				DEVELOPMENT_TEAM = H25F4B7J4U;
				GENERATE_INFOPLIST_FILE = YES;
				MARKETING_VERSION = 1.0;
				PRODUCT_BUNDLE_IDENTIFIER = com.SilverGun.MapbeDiaryUITests;
				PRODUCT_NAME = "$(TARGET_NAME)";
				SWIFT_EMIT_LOC_STRINGS = NO;
				SWIFT_VERSION = 5.0;
				TARGETED_DEVICE_FAMILY = "1,2";
				TEST_TARGET_NAME = MapbeDiary;
			};
			name = Debug;
		};
		7B11373D2B99A17100D6BBD1 /* Release */ = {
			isa = XCBuildConfiguration;
			buildSettings = {
				ALWAYS_EMBED_SWIFT_STANDARD_LIBRARIES = YES;
				CODE_SIGN_STYLE = Automatic;
				CURRENT_PROJECT_VERSION = 1;
				DEVELOPMENT_TEAM = H25F4B7J4U;
				GENERATE_INFOPLIST_FILE = YES;
				MARKETING_VERSION = 1.0;
				PRODUCT_BUNDLE_IDENTIFIER = com.SilverGun.MapbeDiaryUITests;
				PRODUCT_NAME = "$(TARGET_NAME)";
				SWIFT_EMIT_LOC_STRINGS = NO;
				SWIFT_VERSION = 5.0;
				TARGETED_DEVICE_FAMILY = "1,2";
				TEST_TARGET_NAME = MapbeDiary;
			};
			name = Release;
		};
		7B2D77532BF27DEC00D51F49 /* Debug */ = {
			isa = XCBuildConfiguration;
			buildSettings = {
				ASSETCATALOG_COMPILER_GLOBAL_ACCENT_COLOR_NAME = AccentColor;
				ASSETCATALOG_COMPILER_WIDGET_BACKGROUND_COLOR_NAME = WidgetBackground;
				CODE_SIGN_STYLE = Automatic;
				CURRENT_PROJECT_VERSION = 1;
				DEVELOPMENT_TEAM = H25F4B7J4U;
				GENERATE_INFOPLIST_FILE = YES;
				INFOPLIST_FILE = SearchWidget/Info.plist;
				INFOPLIST_KEY_CFBundleDisplayName = SearchWidget;
				INFOPLIST_KEY_NSHumanReadableCopyright = "";
				IPHONEOS_DEPLOYMENT_TARGET = 16.0;
				LD_RUNPATH_SEARCH_PATHS = (
					"$(inherited)",
					"@executable_path/Frameworks",
					"@executable_path/../../Frameworks",
				);
				MARKETING_VERSION = 1.0;
				PRODUCT_BUNDLE_IDENTIFIER = com.SilverGun.MapbeDiary.SearchWidget;
				PRODUCT_NAME = "$(TARGET_NAME)";
				SKIP_INSTALL = YES;
				SUPPORTED_PLATFORMS = "iphoneos iphonesimulator";
				SUPPORTS_MACCATALYST = NO;
				SUPPORTS_MAC_DESIGNED_FOR_IPHONE_IPAD = NO;
				SUPPORTS_XR_DESIGNED_FOR_IPHONE_IPAD = NO;
				SWIFT_EMIT_LOC_STRINGS = YES;
				SWIFT_VERSION = 5.0;
				TARGETED_DEVICE_FAMILY = 1;
			};
			name = Debug;
		};
		7B2D77542BF27DEC00D51F49 /* Release */ = {
			isa = XCBuildConfiguration;
			buildSettings = {
				ASSETCATALOG_COMPILER_GLOBAL_ACCENT_COLOR_NAME = AccentColor;
				ASSETCATALOG_COMPILER_WIDGET_BACKGROUND_COLOR_NAME = WidgetBackground;
				CODE_SIGN_STYLE = Automatic;
				CURRENT_PROJECT_VERSION = 1;
				DEVELOPMENT_TEAM = H25F4B7J4U;
				GENERATE_INFOPLIST_FILE = YES;
				INFOPLIST_FILE = SearchWidget/Info.plist;
				INFOPLIST_KEY_CFBundleDisplayName = SearchWidget;
				INFOPLIST_KEY_NSHumanReadableCopyright = "";
				IPHONEOS_DEPLOYMENT_TARGET = 16.0;
				LD_RUNPATH_SEARCH_PATHS = (
					"$(inherited)",
					"@executable_path/Frameworks",
					"@executable_path/../../Frameworks",
				);
				MARKETING_VERSION = 1.0;
				PRODUCT_BUNDLE_IDENTIFIER = com.SilverGun.MapbeDiary.SearchWidget;
				PRODUCT_NAME = "$(TARGET_NAME)";
				SKIP_INSTALL = YES;
				SUPPORTED_PLATFORMS = "iphoneos iphonesimulator";
				SUPPORTS_MACCATALYST = NO;
				SUPPORTS_MAC_DESIGNED_FOR_IPHONE_IPAD = NO;
				SUPPORTS_XR_DESIGNED_FOR_IPHONE_IPAD = NO;
				SWIFT_EMIT_LOC_STRINGS = YES;
				SWIFT_VERSION = 5.0;
				TARGETED_DEVICE_FAMILY = 1;
			};
			name = Release;
		};
/* End XCBuildConfiguration section */

/* Begin XCConfigurationList section */
		7B1137062B99A16F00D6BBD1 /* Build configuration list for PBXProject "MapbeDiary" */ = {
			isa = XCConfigurationList;
			buildConfigurations = (
				7B1137332B99A17100D6BBD1 /* Debug */,
				7B1137342B99A17100D6BBD1 /* Release */,
			);
			defaultConfigurationIsVisible = 0;
			defaultConfigurationName = Release;
		};
		7B1137352B99A17100D6BBD1 /* Build configuration list for PBXNativeTarget "MapbeDiary" */ = {
			isa = XCConfigurationList;
			buildConfigurations = (
				7B1137362B99A17100D6BBD1 /* Debug */,
				7B1137372B99A17100D6BBD1 /* Release */,
			);
			defaultConfigurationIsVisible = 0;
			defaultConfigurationName = Release;
		};
		7B1137382B99A17100D6BBD1 /* Build configuration list for PBXNativeTarget "MapbeDiaryTests" */ = {
			isa = XCConfigurationList;
			buildConfigurations = (
				7B1137392B99A17100D6BBD1 /* Debug */,
				7B11373A2B99A17100D6BBD1 /* Release */,
			);
			defaultConfigurationIsVisible = 0;
			defaultConfigurationName = Release;
		};
		7B11373B2B99A17100D6BBD1 /* Build configuration list for PBXNativeTarget "MapbeDiaryUITests" */ = {
			isa = XCConfigurationList;
			buildConfigurations = (
				7B11373C2B99A17100D6BBD1 /* Debug */,
				7B11373D2B99A17100D6BBD1 /* Release */,
			);
			defaultConfigurationIsVisible = 0;
			defaultConfigurationName = Release;
		};
		7B2D77522BF27DEC00D51F49 /* Build configuration list for PBXNativeTarget "SearchWidgetExtension" */ = {
			isa = XCConfigurationList;
			buildConfigurations = (
				7B2D77532BF27DEC00D51F49 /* Debug */,
				7B2D77542BF27DEC00D51F49 /* Release */,
			);
			defaultConfigurationIsVisible = 0;
			defaultConfigurationName = Release;
		};
/* End XCConfigurationList section */

/* Begin XCRemoteSwiftPackageReference section */
		7B1137422B99A27700D6BBD1 /* XCRemoteSwiftPackageReference "realm-swift" */ = {
			isa = XCRemoteSwiftPackageReference;
			repositoryURL = "https://github.com/realm/realm-swift.git";
			requirement = {
				kind = exactVersion;
				version = 10.47.0;
			};
		};
		7B1137472B99A2E400D6BBD1 /* XCRemoteSwiftPackageReference "firebase-ios-sdk" */ = {
			isa = XCRemoteSwiftPackageReference;
			repositoryURL = "https://github.com/firebase/firebase-ios-sdk";
			requirement = {
				kind = upToNextMajorVersion;
				minimumVersion = 10.22.0;
			};
		};
		7B1137542B99A89100D6BBD1 /* XCRemoteSwiftPackageReference "SnapKit" */ = {
			isa = XCRemoteSwiftPackageReference;
			repositoryURL = "https://github.com/SnapKit/SnapKit.git";
			requirement = {
				kind = upToNextMajorVersion;
				minimumVersion = 5.7.1;
			};
		};
		7B1137572B99A8A900D6BBD1 /* XCRemoteSwiftPackageReference "FloatingPanel" */ = {
			isa = XCRemoteSwiftPackageReference;
			repositoryURL = "https://github.com/scenee/FloatingPanel.git";
			requirement = {
				kind = upToNextMajorVersion;
				minimumVersion = 2.8.2;
			};
		};
		7B11375A2B99A8C000D6BBD1 /* XCRemoteSwiftPackageReference "IQKeyboardManager" */ = {
			isa = XCRemoteSwiftPackageReference;
			repositoryURL = "https://github.com/hackiftekhar/IQKeyboardManager.git";
			requirement = {
				kind = upToNextMajorVersion;
				minimumVersion = 7.0.1;
			};
		};
		7B11375D2B99A8E200D6BBD1 /* XCRemoteSwiftPackageReference "Charts" */ = {
			isa = XCRemoteSwiftPackageReference;
			repositoryURL = "https://github.com/danielgindi/Charts.git";
			requirement = {
				kind = upToNextMajorVersion;
				minimumVersion = 5.1.0;
			};
		};
		7B1137882B99C2F100D6BBD1 /* XCRemoteSwiftPackageReference "Toast-Swift" */ = {
			isa = XCRemoteSwiftPackageReference;
			repositoryURL = "https://github.com/scalessec/Toast-Swift.git";
			requirement = {
				kind = upToNextMajorVersion;
				minimumVersion = 5.1.0;
			};
		};
		7B6C201E2BA17A1C00EB7166 /* XCRemoteSwiftPackageReference "TextFieldEffects" */ = {
			isa = XCRemoteSwiftPackageReference;
			repositoryURL = "https://github.com/raulriera/TextFieldEffects.git";
			requirement = {
				kind = upToNextMajorVersion;
				minimumVersion = 1.7.0;
			};
		};
		7BA827342BB18E6E00227F63 /* XCRemoteSwiftPackageReference "Kingfisher" */ = {
			isa = XCRemoteSwiftPackageReference;
			repositoryURL = "https://github.com/onevcat/Kingfisher.git";
			requirement = {
				kind = upToNextMajorVersion;
				minimumVersion = 7.11.0;
			};
		};
		7BF2E7FA2BB8070700E83EC1 /* XCRemoteSwiftPackageReference "FSCalendar" */ = {
			isa = XCRemoteSwiftPackageReference;
			repositoryURL = "https://github.com/WenchaoD/FSCalendar.git";
			requirement = {
				kind = upToNextMajorVersion;
				minimumVersion = 2.8.4;
			};
		};
/* End XCRemoteSwiftPackageReference section */

/* Begin XCSwiftPackageProductDependency section */
		7B1137432B99A27700D6BBD1 /* Realm */ = {
			isa = XCSwiftPackageProductDependency;
			package = 7B1137422B99A27700D6BBD1 /* XCRemoteSwiftPackageReference "realm-swift" */;
			productName = Realm;
		};
		7B1137452B99A27700D6BBD1 /* RealmSwift */ = {
			isa = XCSwiftPackageProductDependency;
			package = 7B1137422B99A27700D6BBD1 /* XCRemoteSwiftPackageReference "realm-swift" */;
			productName = RealmSwift;
		};
		7B1137482B99A2E400D6BBD1 /* FirebaseAnalyticsWithoutAdIdSupport */ = {
			isa = XCSwiftPackageProductDependency;
			package = 7B1137472B99A2E400D6BBD1 /* XCRemoteSwiftPackageReference "firebase-ios-sdk" */;
			productName = FirebaseAnalyticsWithoutAdIdSupport;
		};
		7B11374A2B99A2E400D6BBD1 /* FirebaseCrashlytics */ = {
			isa = XCSwiftPackageProductDependency;
			package = 7B1137472B99A2E400D6BBD1 /* XCRemoteSwiftPackageReference "firebase-ios-sdk" */;
			productName = FirebaseCrashlytics;
		};
		7B11374C2B99A2E400D6BBD1 /* FirebaseMessaging */ = {
			isa = XCSwiftPackageProductDependency;
			package = 7B1137472B99A2E400D6BBD1 /* XCRemoteSwiftPackageReference "firebase-ios-sdk" */;
			productName = FirebaseMessaging;
		};
		7B1137552B99A89100D6BBD1 /* SnapKit */ = {
			isa = XCSwiftPackageProductDependency;
			package = 7B1137542B99A89100D6BBD1 /* XCRemoteSwiftPackageReference "SnapKit" */;
			productName = SnapKit;
		};
		7B1137582B99A8A900D6BBD1 /* FloatingPanel */ = {
			isa = XCSwiftPackageProductDependency;
			package = 7B1137572B99A8A900D6BBD1 /* XCRemoteSwiftPackageReference "FloatingPanel" */;
			productName = FloatingPanel;
		};
		7B11375B2B99A8C000D6BBD1 /* IQKeyboardManagerSwift */ = {
			isa = XCSwiftPackageProductDependency;
			package = 7B11375A2B99A8C000D6BBD1 /* XCRemoteSwiftPackageReference "IQKeyboardManager" */;
			productName = IQKeyboardManagerSwift;
		};
		7B11375E2B99A8E200D6BBD1 /* DGCharts */ = {
			isa = XCSwiftPackageProductDependency;
			package = 7B11375D2B99A8E200D6BBD1 /* XCRemoteSwiftPackageReference "Charts" */;
			productName = DGCharts;
		};
		7B1137892B99C2F100D6BBD1 /* Toast */ = {
			isa = XCSwiftPackageProductDependency;
			package = 7B1137882B99C2F100D6BBD1 /* XCRemoteSwiftPackageReference "Toast-Swift" */;
			productName = Toast;
		};
		7B6C201F2BA17A1C00EB7166 /* TextFieldEffects */ = {
			isa = XCSwiftPackageProductDependency;
			package = 7B6C201E2BA17A1C00EB7166 /* XCRemoteSwiftPackageReference "TextFieldEffects" */;
			productName = TextFieldEffects;
		};
		7BA827352BB18E6E00227F63 /* Kingfisher */ = {
			isa = XCSwiftPackageProductDependency;
			package = 7BA827342BB18E6E00227F63 /* XCRemoteSwiftPackageReference "Kingfisher" */;
			productName = Kingfisher;
		};
		7BF2E7FB2BB8070700E83EC1 /* FSCalendar */ = {
			isa = XCSwiftPackageProductDependency;
			package = 7BF2E7FA2BB8070700E83EC1 /* XCRemoteSwiftPackageReference "FSCalendar" */;
			productName = FSCalendar;
		};
/* End XCSwiftPackageProductDependency section */
	};
	rootObject = 7B1137032B99A16F00D6BBD1 /* Project object */;
}
